// !$*UTF8*$!
{
	archiveVersion = 1;
	classes = {
	};
	objectVersion = 56;
	objects = {

/* Begin PBXBuildFile section */
		7EFED9B42B57CD8600FDE1A5 /* AppDelegate.swift in Sources */ = {isa = PBXBuildFile; fileRef = 7EFED9B32B57CD8600FDE1A5 /* AppDelegate.swift */; };
		7EFED9B62B57CD8600FDE1A5 /* SceneDelegate.swift in Sources */ = {isa = PBXBuildFile; fileRef = 7EFED9B52B57CD8600FDE1A5 /* SceneDelegate.swift */; };
		7EFED9B82B57CD8600FDE1A5 /* ViewController.swift in Sources */ = {isa = PBXBuildFile; fileRef = 7EFED9B72B57CD8600FDE1A5 /* ViewController.swift */; };
		7EFED9BB2B57CD8600FDE1A5 /* Main.storyboard in Resources */ = {isa = PBXBuildFile; fileRef = 7EFED9B92B57CD8600FDE1A5 /* Main.storyboard */; };
		7EFED9BD2B57CD8800FDE1A5 /* Assets.xcassets in Resources */ = {isa = PBXBuildFile; fileRef = 7EFED9BC2B57CD8800FDE1A5 /* Assets.xcassets */; };
		7EFED9C02B57CD8800FDE1A5 /* LaunchScreen.storyboard in Resources */ = {isa = PBXBuildFile; fileRef = 7EFED9BE2B57CD8800FDE1A5 /* LaunchScreen.storyboard */; };
		7EFED9CB2B57CD8800FDE1A5 /* PharmacyAdminAppTests.swift in Sources */ = {isa = PBXBuildFile; fileRef = 7EFED9CA2B57CD8800FDE1A5 /* PharmacyAdminAppTests.swift */; };
		7EFED9D52B57CD8800FDE1A5 /* PharmacyAdminAppUITests.swift in Sources */ = {isa = PBXBuildFile; fileRef = 7EFED9D42B57CD8800FDE1A5 /* PharmacyAdminAppUITests.swift */; };
		7EFED9D72B57CD8800FDE1A5 /* PharmacyAdminAppUITestsLaunchTests.swift in Sources */ = {isa = PBXBuildFile; fileRef = 7EFED9D62B57CD8800FDE1A5 /* PharmacyAdminAppUITestsLaunchTests.swift */; };
/* End PBXBuildFile section */

/* Begin PBXContainerItemProxy section */
		7EFED9C72B57CD8800FDE1A5 /* PBXContainerItemProxy */ = {
			isa = PBXContainerItemProxy;
			containerPortal = 7EFED9A82B57CD8600FDE1A5 /* Project object */;
			proxyType = 1;
			remoteGlobalIDString = 7EFED9AF2B57CD8600FDE1A5;
			remoteInfo = PharmacyAdminApp;
		};
		7EFED9D12B57CD8800FDE1A5 /* PBXContainerItemProxy */ = {
			isa = PBXContainerItemProxy;
			containerPortal = 7EFED9A82B57CD8600FDE1A5 /* Project object */;
			proxyType = 1;
			remoteGlobalIDString = 7EFED9AF2B57CD8600FDE1A5;
			remoteInfo = PharmacyAdminApp;
		};
/* End PBXContainerItemProxy section */

/* Begin PBXFileReference section */
		7EFED9B02B57CD8600FDE1A5 /* PharmacyAdminApp.app */ = {isa = PBXFileReference; explicitFileType = wrapper.application; includeInIndex = 0; path = PharmacyAdminApp.app; sourceTree = BUILT_PRODUCTS_DIR; };
		7EFED9B32B57CD8600FDE1A5 /* AppDelegate.swift */ = {isa = PBXFileReference; lastKnownFileType = sourcecode.swift; path = AppDelegate.swift; sourceTree = "<group>"; };
		7EFED9B52B57CD8600FDE1A5 /* SceneDelegate.swift */ = {isa = PBXFileReference; lastKnownFileType = sourcecode.swift; path = SceneDelegate.swift; sourceTree = "<group>"; };
		7EFED9B72B57CD8600FDE1A5 /* ViewController.swift */ = {isa = PBXFileReference; lastKnownFileType = sourcecode.swift; path = ViewController.swift; sourceTree = "<group>"; };
		7EFED9BA2B57CD8600FDE1A5 /* Base */ = {isa = PBXFileReference; lastKnownFileType = file.storyboard; name = Base; path = Base.lproj/Main.storyboard; sourceTree = "<group>"; };
		7EFED9BC2B57CD8800FDE1A5 /* Assets.xcassets */ = {isa = PBXFileReference; lastKnownFileType = folder.assetcatalog; path = Assets.xcassets; sourceTree = "<group>"; };
		7EFED9BF2B57CD8800FDE1A5 /* Base */ = {isa = PBXFileReference; lastKnownFileType = file.storyboard; name = Base; path = Base.lproj/LaunchScreen.storyboard; sourceTree = "<group>"; };
		7EFED9C12B57CD8800FDE1A5 /* Info.plist */ = {isa = PBXFileReference; lastKnownFileType = text.plist.xml; path = Info.plist; sourceTree = "<group>"; };
		7EFED9C62B57CD8800FDE1A5 /* PharmacyAdminAppTests.xctest */ = {isa = PBXFileReference; explicitFileType = wrapper.cfbundle; includeInIndex = 0; path = PharmacyAdminAppTests.xctest; sourceTree = BUILT_PRODUCTS_DIR; };
		7EFED9CA2B57CD8800FDE1A5 /* PharmacyAdminAppTests.swift */ = {isa = PBXFileReference; lastKnownFileType = sourcecode.swift; path = PharmacyAdminAppTests.swift; sourceTree = "<group>"; };
		7EFED9D02B57CD8800FDE1A5 /* PharmacyAdminAppUITests.xctest */ = {isa = PBXFileReference; explicitFileType = wrapper.cfbundle; includeInIndex = 0; path = PharmacyAdminAppUITests.xctest; sourceTree = BUILT_PRODUCTS_DIR; };
		7EFED9D42B57CD8800FDE1A5 /* PharmacyAdminAppUITests.swift */ = {isa = PBXFileReference; lastKnownFileType = sourcecode.swift; path = PharmacyAdminAppUITests.swift; sourceTree = "<group>"; };
		7EFED9D62B57CD8800FDE1A5 /* PharmacyAdminAppUITestsLaunchTests.swift */ = {isa = PBXFileReference; lastKnownFileType = sourcecode.swift; path = PharmacyAdminAppUITestsLaunchTests.swift; sourceTree = "<group>"; };
/* End PBXFileReference section */

/* Begin PBXFrameworksBuildPhase section */
		7EFED9AD2B57CD8600FDE1A5 /* Frameworks */ = {
			isa = PBXFrameworksBuildPhase;
			buildActionMask = 2147483647;
			files = (
			);
			runOnlyForDeploymentPostprocessing = 0;
		};
		7EFED9C32B57CD8800FDE1A5 /* Frameworks */ = {
			isa = PBXFrameworksBuildPhase;
			buildActionMask = 2147483647;
			files = (
			);
			runOnlyForDeploymentPostprocessing = 0;
		};
		7EFED9CD2B57CD8800FDE1A5 /* Frameworks */ = {
			isa = PBXFrameworksBuildPhase;
			buildActionMask = 2147483647;
			files = (
			);
			runOnlyForDeploymentPostprocessing = 0;
		};
/* End PBXFrameworksBuildPhase section */

/* Begin PBXGroup section */
		7EFED9A72B57CD8600FDE1A5 = {
			isa = PBXGroup;
			children = (
				7EFED9B22B57CD8600FDE1A5 /* PharmacyAdminApp */,
				7EFED9C92B57CD8800FDE1A5 /* PharmacyAdminAppTests */,
				7EFED9D32B57CD8800FDE1A5 /* PharmacyAdminAppUITests */,
				7EFED9B12B57CD8600FDE1A5 /* Products */,
			);
			sourceTree = "<group>";
		};
		7EFED9B12B57CD8600FDE1A5 /* Products */ = {
			isa = PBXGroup;
			children = (
				7EFED9B02B57CD8600FDE1A5 /* PharmacyAdminApp.app */,
				7EFED9C62B57CD8800FDE1A5 /* PharmacyAdminAppTests.xctest */,
				7EFED9D02B57CD8800FDE1A5 /* PharmacyAdminAppUITests.xctest */,
			);
			name = Products;
			sourceTree = "<group>";
		};
		7EFED9B22B57CD8600FDE1A5 /* PharmacyAdminApp */ = {
			isa = PBXGroup;
			children = (
				7EFED9B32B57CD8600FDE1A5 /* AppDelegate.swift */,
				7EFED9B52B57CD8600FDE1A5 /* SceneDelegate.swift */,
				7EFED9B72B57CD8600FDE1A5 /* ViewController.swift */,
				7EFED9B92B57CD8600FDE1A5 /* Main.storyboard */,
				7EFED9BC2B57CD8800FDE1A5 /* Assets.xcassets */,
				7EFED9BE2B57CD8800FDE1A5 /* LaunchScreen.storyboard */,
				7EFED9C12B57CD8800FDE1A5 /* Info.plist */,
			);
			path = PharmacyAdminApp;
			sourceTree = "<group>";
		};
		7EFED9C92B57CD8800FDE1A5 /* PharmacyAdminAppTests */ = {
			isa = PBXGroup;
			children = (
				7EFED9CA2B57CD8800FDE1A5 /* PharmacyAdminAppTests.swift */,
			);
			path = PharmacyAdminAppTests;
			sourceTree = "<group>";
		};
		7EFED9D32B57CD8800FDE1A5 /* PharmacyAdminAppUITests */ = {
			isa = PBXGroup;
			children = (
				7EFED9D42B57CD8800FDE1A5 /* PharmacyAdminAppUITests.swift */,
				7EFED9D62B57CD8800FDE1A5 /* PharmacyAdminAppUITestsLaunchTests.swift */,
			);
			path = PharmacyAdminAppUITests;
			sourceTree = "<group>";
		};
/* End PBXGroup section */

/* Begin PBXNativeTarget section */
		7EFED9AF2B57CD8600FDE1A5 /* PharmacyAdminApp */ = {
			isa = PBXNativeTarget;
			buildConfigurationList = 7EFED9DA2B57CD8800FDE1A5 /* Build configuration list for PBXNativeTarget "PharmacyAdminApp" */;
			buildPhases = (
				7EFED9AC2B57CD8600FDE1A5 /* Sources */,
				7EFED9AD2B57CD8600FDE1A5 /* Frameworks */,
				7EFED9AE2B57CD8600FDE1A5 /* Resources */,
			);
			buildRules = (
			);
			dependencies = (
			);
			name = PharmacyAdminApp;
			productName = PharmacyAdminApp;
			productReference = 7EFED9B02B57CD8600FDE1A5 /* PharmacyAdminApp.app */;
			productType = "com.apple.product-type.application";
		};
		7EFED9C52B57CD8800FDE1A5 /* PharmacyAdminAppTests */ = {
			isa = PBXNativeTarget;
			buildConfigurationList = 7EFED9DD2B57CD8800FDE1A5 /* Build configuration list for PBXNativeTarget "PharmacyAdminAppTests" */;
			buildPhases = (
				7EFED9C22B57CD8800FDE1A5 /* Sources */,
				7EFED9C32B57CD8800FDE1A5 /* Frameworks */,
				7EFED9C42B57CD8800FDE1A5 /* Resources */,
			);
			buildRules = (
			);
			dependencies = (
				7EFED9C82B57CD8800FDE1A5 /* PBXTargetDependency */,
			);
			name = PharmacyAdminAppTests;
			productName = PharmacyAdminAppTests;
			productReference = 7EFED9C62B57CD8800FDE1A5 /* PharmacyAdminAppTests.xctest */;
			productType = "com.apple.product-type.bundle.unit-test";
		};
		7EFED9CF2B57CD8800FDE1A5 /* PharmacyAdminAppUITests */ = {
			isa = PBXNativeTarget;
			buildConfigurationList = 7EFED9E02B57CD8800FDE1A5 /* Build configuration list for PBXNativeTarget "PharmacyAdminAppUITests" */;
			buildPhases = (
				7EFED9CC2B57CD8800FDE1A5 /* Sources */,
				7EFED9CD2B57CD8800FDE1A5 /* Frameworks */,
				7EFED9CE2B57CD8800FDE1A5 /* Resources */,
			);
			buildRules = (
			);
			dependencies = (
				7EFED9D22B57CD8800FDE1A5 /* PBXTargetDependency */,
			);
			name = PharmacyAdminAppUITests;
			productName = PharmacyAdminAppUITests;
			productReference = 7EFED9D02B57CD8800FDE1A5 /* PharmacyAdminAppUITests.xctest */;
			productType = "com.apple.product-type.bundle.ui-testing";
		};
/* End PBXNativeTarget section */

/* Begin PBXProject section */
		7EFED9A82B57CD8600FDE1A5 /* Project object */ = {
			isa = PBXProject;
			attributes = {
				BuildIndependentTargetsInParallel = 1;
				LastSwiftUpdateCheck = 1520;
				LastUpgradeCheck = 1520;
				TargetAttributes = {
					7EFED9AF2B57CD8600FDE1A5 = {
						CreatedOnToolsVersion = 15.2;
					};
					7EFED9C52B57CD8800FDE1A5 = {
						CreatedOnToolsVersion = 15.2;
						TestTargetID = 7EFED9AF2B57CD8600FDE1A5;
					};
					7EFED9CF2B57CD8800FDE1A5 = {
						CreatedOnToolsVersion = 15.2;
						TestTargetID = 7EFED9AF2B57CD8600FDE1A5;
					};
				};
			};
			buildConfigurationList = 7EFED9AB2B57CD8600FDE1A5 /* Build configuration list for PBXProject "PharmacyAdminApp" */;
			compatibilityVersion = "Xcode 14.0";
			developmentRegion = en;
			hasScannedForEncodings = 0;
			knownRegions = (
				en,
				Base,
			);
			mainGroup = 7EFED9A72B57CD8600FDE1A5;
			productRefGroup = 7EFED9B12B57CD8600FDE1A5 /* Products */;
			projectDirPath = "";
			projectRoot = "";
			targets = (
				7EFED9AF2B57CD8600FDE1A5 /* PharmacyAdminApp */,
				7EFED9C52B57CD8800FDE1A5 /* PharmacyAdminAppTests */,
				7EFED9CF2B57CD8800FDE1A5 /* PharmacyAdminAppUITests */,
			);
		};
/* End PBXProject section */

/* Begin PBXResourcesBuildPhase section */
		7EFED9AE2B57CD8600FDE1A5 /* Resources */ = {
			isa = PBXResourcesBuildPhase;
			buildActionMask = 2147483647;
			files = (
				7EFED9C02B57CD8800FDE1A5 /* LaunchScreen.storyboard in Resources */,
				7EFED9BD2B57CD8800FDE1A5 /* Assets.xcassets in Resources */,
				7EFED9BB2B57CD8600FDE1A5 /* Main.storyboard in Resources */,
			);
			runOnlyForDeploymentPostprocessing = 0;
		};
		7EFED9C42B57CD8800FDE1A5 /* Resources */ = {
			isa = PBXResourcesBuildPhase;
			buildActionMask = 2147483647;
			files = (
			);
			runOnlyForDeploymentPostprocessing = 0;
		};
		7EFED9CE2B57CD8800FDE1A5 /* Resources */ = {
			isa = PBXResourcesBuildPhase;
			buildActionMask = 2147483647;
			files = (
			);
			runOnlyForDeploymentPostprocessing = 0;
		};
/* End PBXResourcesBuildPhase section */

/* Begin PBXSourcesBuildPhase section */
		7EFED9AC2B57CD8600FDE1A5 /* Sources */ = {
			isa = PBXSourcesBuildPhase;
			buildActionMask = 2147483647;
			files = (
				7EFED9B82B57CD8600FDE1A5 /* ViewController.swift in Sources */,
				7EFED9B42B57CD8600FDE1A5 /* AppDelegate.swift in Sources */,
				7EFED9B62B57CD8600FDE1A5 /* SceneDelegate.swift in Sources */,
			);
			runOnlyForDeploymentPostprocessing = 0;
		};
		7EFED9C22B57CD8800FDE1A5 /* Sources */ = {
			isa = PBXSourcesBuildPhase;
			buildActionMask = 2147483647;
			files = (
				7EFED9CB2B57CD8800FDE1A5 /* PharmacyAdminAppTests.swift in Sources */,
			);
			runOnlyForDeploymentPostprocessing = 0;
		};
		7EFED9CC2B57CD8800FDE1A5 /* Sources */ = {
			isa = PBXSourcesBuildPhase;
			buildActionMask = 2147483647;
			files = (
				7EFED9D52B57CD8800FDE1A5 /* PharmacyAdminAppUITests.swift in Sources */,
				7EFED9D72B57CD8800FDE1A5 /* PharmacyAdminAppUITestsLaunchTests.swift in Sources */,
			);
			runOnlyForDeploymentPostprocessing = 0;
		};
/* End PBXSourcesBuildPhase section */

/* Begin PBXTargetDependency section */
		7EFED9C82B57CD8800FDE1A5 /* PBXTargetDependency */ = {
			isa = PBXTargetDependency;
			target = 7EFED9AF2B57CD8600FDE1A5 /* PharmacyAdminApp */;
			targetProxy = 7EFED9C72B57CD8800FDE1A5 /* PBXContainerItemProxy */;
		};
		7EFED9D22B57CD8800FDE1A5 /* PBXTargetDependency */ = {
			isa = PBXTargetDependency;
			target = 7EFED9AF2B57CD8600FDE1A5 /* PharmacyAdminApp */;
			targetProxy = 7EFED9D12B57CD8800FDE1A5 /* PBXContainerItemProxy */;
		};
/* End PBXTargetDependency section */

/* Begin PBXVariantGroup section */
		7EFED9B92B57CD8600FDE1A5 /* Main.storyboard */ = {
			isa = PBXVariantGroup;
			children = (
				7EFED9BA2B57CD8600FDE1A5 /* Base */,
			);
			name = Main.storyboard;
			sourceTree = "<group>";
		};
		7EFED9BE2B57CD8800FDE1A5 /* LaunchScreen.storyboard */ = {
			isa = PBXVariantGroup;
			children = (
				7EFED9BF2B57CD8800FDE1A5 /* Base */,
			);
			name = LaunchScreen.storyboard;
			sourceTree = "<group>";
		};
/* End PBXVariantGroup section */

/* Begin XCBuildConfiguration section */
		7EFED9D82B57CD8800FDE1A5 /* Debug */ = {
			isa = XCBuildConfiguration;
			buildSettings = {
				ALWAYS_SEARCH_USER_PATHS = NO;
				ASSETCATALOG_COMPILER_GENERATE_SWIFT_ASSET_SYMBOL_EXTENSIONS = YES;
				CLANG_ANALYZER_NONNULL = YES;
				CLANG_ANALYZER_NUMBER_OBJECT_CONVERSION = YES_AGGRESSIVE;
				CLANG_CXX_LANGUAGE_STANDARD = "gnu++20";
				CLANG_ENABLE_MODULES = YES;
				CLANG_ENABLE_OBJC_ARC = YES;
				CLANG_ENABLE_OBJC_WEAK = YES;
				CLANG_WARN_BLOCK_CAPTURE_AUTORELEASING = YES;
				CLANG_WARN_BOOL_CONVERSION = YES;
				CLANG_WARN_COMMA = YES;
				CLANG_WARN_CONSTANT_CONVERSION = YES;
				CLANG_WARN_DEPRECATED_OBJC_IMPLEMENTATIONS = YES;
				CLANG_WARN_DIRECT_OBJC_ISA_USAGE = YES_ERROR;
				CLANG_WARN_DOCUMENTATION_COMMENTS = YES;
				CLANG_WARN_EMPTY_BODY = YES;
				CLANG_WARN_ENUM_CONVERSION = YES;
				CLANG_WARN_INFINITE_RECURSION = YES;
				CLANG_WARN_INT_CONVERSION = YES;
				CLANG_WARN_NON_LITERAL_NULL_CONVERSION = YES;
				CLANG_WARN_OBJC_IMPLICIT_RETAIN_SELF = YES;
				CLANG_WARN_OBJC_LITERAL_CONVERSION = YES;
				CLANG_WARN_OBJC_ROOT_CLASS = YES_ERROR;
				CLANG_WARN_QUOTED_INCLUDE_IN_FRAMEWORK_HEADER = YES;
				CLANG_WARN_RANGE_LOOP_ANALYSIS = YES;
				CLANG_WARN_STRICT_PROTOTYPES = YES;
				CLANG_WARN_SUSPICIOUS_MOVE = YES;
				CLANG_WARN_UNGUARDED_AVAILABILITY = YES_AGGRESSIVE;
				CLANG_WARN_UNREACHABLE_CODE = YES;
				CLANG_WARN__DUPLICATE_METHOD_MATCH = YES;
				COPY_PHASE_STRIP = NO;
				DEBUG_INFORMATION_FORMAT = dwarf;
				ENABLE_STRICT_OBJC_MSGSEND = YES;
				ENABLE_TESTABILITY = YES;
				ENABLE_USER_SCRIPT_SANDBOXING = YES;
				GCC_C_LANGUAGE_STANDARD = gnu17;
				GCC_DYNAMIC_NO_PIC = NO;
				GCC_NO_COMMON_BLOCKS = YES;
				GCC_OPTIMIZATION_LEVEL = 0;
				GCC_PREPROCESSOR_DEFINITIONS = (
					"DEBUG=1",
					"$(inherited)",
				);
				GCC_WARN_64_TO_32_BIT_CONVERSION = YES;
				GCC_WARN_ABOUT_RETURN_TYPE = YES_ERROR;
				GCC_WARN_UNDECLARED_SELECTOR = YES;
				GCC_WARN_UNINITIALIZED_AUTOS = YES_AGGRESSIVE;
				GCC_WARN_UNUSED_FUNCTION = YES;
				GCC_WARN_UNUSED_VARIABLE = YES;
				IPHONEOS_DEPLOYMENT_TARGET = 17.2;
				LOCALIZATION_PREFERS_STRING_CATALOGS = YES;
				MTL_ENABLE_DEBUG_INFO = INCLUDE_SOURCE;
				MTL_FAST_MATH = YES;
				ONLY_ACTIVE_ARCH = YES;
				SDKROOT = iphoneos;
				SWIFT_ACTIVE_COMPILATION_CONDITIONS = "DEBUG $(inherited)";
				SWIFT_OPTIMIZATION_LEVEL = "-Onone";
			};
			name = Debug;
		};
		7EFED9D92B57CD8800FDE1A5 /* Release */ = {
			isa = XCBuildConfiguration;
			buildSettings = {
				ALWAYS_SEARCH_USER_PATHS = NO;
				ASSETCATALOG_COMPILER_GENERATE_SWIFT_ASSET_SYMBOL_EXTENSIONS = YES;
				CLANG_ANALYZER_NONNULL = YES;
				CLANG_ANALYZER_NUMBER_OBJECT_CONVERSION = YES_AGGRESSIVE;
				CLANG_CXX_LANGUAGE_STANDARD = "gnu++20";
				CLANG_ENABLE_MODULES = YES;
				CLANG_ENABLE_OBJC_ARC = YES;
				CLANG_ENABLE_OBJC_WEAK = YES;
				CLANG_WARN_BLOCK_CAPTURE_AUTORELEASING = YES;
				CLANG_WARN_BOOL_CONVERSION = YES;
				CLANG_WARN_COMMA = YES;
				CLANG_WARN_CONSTANT_CONVERSION = YES;
				CLANG_WARN_DEPRECATED_OBJC_IMPLEMENTATIONS = YES;
				CLANG_WARN_DIRECT_OBJC_ISA_USAGE = YES_ERROR;
				CLANG_WARN_DOCUMENTATION_COMMENTS = YES;
				CLANG_WARN_EMPTY_BODY = YES;
				CLANG_WARN_ENUM_CONVERSION = YES;
				CLANG_WARN_INFINITE_RECURSION = YES;
				CLANG_WARN_INT_CONVERSION = YES;
				CLANG_WARN_NON_LITERAL_NULL_CONVERSION = YES;
				CLANG_WARN_OBJC_IMPLICIT_RETAIN_SELF = YES;
				CLANG_WARN_OBJC_LITERAL_CONVERSION = YES;
				CLANG_WARN_OBJC_ROOT_CLASS = YES_ERROR;
				CLANG_WARN_QUOTED_INCLUDE_IN_FRAMEWORK_HEADER = YES;
				CLANG_WARN_RANGE_LOOP_ANALYSIS = YES;
				CLANG_WARN_STRICT_PROTOTYPES = YES;
				CLANG_WARN_SUSPICIOUS_MOVE = YES;
				CLANG_WARN_UNGUARDED_AVAILABILITY = YES_AGGRESSIVE;
				CLANG_WARN_UNREACHABLE_CODE = YES;
				CLANG_WARN__DUPLICATE_METHOD_MATCH = YES;
				COPY_PHASE_STRIP = NO;
				DEBUG_INFORMATION_FORMAT = "dwarf-with-dsym";
				ENABLE_NS_ASSERTIONS = NO;
				ENABLE_STRICT_OBJC_MSGSEND = YES;
				ENABLE_USER_SCRIPT_SANDBOXING = YES;
				GCC_C_LANGUAGE_STANDARD = gnu17;
				GCC_NO_COMMON_BLOCKS = YES;
				GCC_WARN_64_TO_32_BIT_CONVERSION = YES;
				GCC_WARN_ABOUT_RETURN_TYPE = YES_ERROR;
				GCC_WARN_UNDECLARED_SELECTOR = YES;
				GCC_WARN_UNINITIALIZED_AUTOS = YES_AGGRESSIVE;
				GCC_WARN_UNUSED_FUNCTION = YES;
				GCC_WARN_UNUSED_VARIABLE = YES;
				IPHONEOS_DEPLOYMENT_TARGET = 17.2;
				LOCALIZATION_PREFERS_STRING_CATALOGS = YES;
				MTL_ENABLE_DEBUG_INFO = NO;
				MTL_FAST_MATH = YES;
				SDKROOT = iphoneos;
				SWIFT_COMPILATION_MODE = wholemodule;
				VALIDATE_PRODUCT = YES;
			};
			name = Release;
		};
		7EFED9DB2B57CD8800FDE1A5 /* Debug */ = {
			isa = XCBuildConfiguration;
			buildSettings = {
				ASSETCATALOG_COMPILER_APPICON_NAME = AppIcon;
				ASSETCATALOG_COMPILER_GLOBAL_ACCENT_COLOR_NAME = AccentColor;
				CODE_SIGN_STYLE = Automatic;
				CURRENT_PROJECT_VERSION = 1;
				DEVELOPMENT_TEAM = JJ477WM6T9;
				GENERATE_INFOPLIST_FILE = YES;
				INFOPLIST_FILE = PharmacyAdminApp/Info.plist;
				INFOPLIST_KEY_UIApplicationSupportsIndirectInputEvents = YES;
				INFOPLIST_KEY_UILaunchStoryboardName = LaunchScreen;
				INFOPLIST_KEY_UIMainStoryboardFile = Main;
				INFOPLIST_KEY_UISupportedInterfaceOrientations_iPad = "UIInterfaceOrientationPortrait UIInterfaceOrientationPortraitUpsideDown UIInterfaceOrientationLandscapeLeft UIInterfaceOrientationLandscapeRight";
				INFOPLIST_KEY_UISupportedInterfaceOrientations_iPhone = "UIInterfaceOrientationPortrait UIInterfaceOrientationLandscapeLeft UIInterfaceOrientationLandscapeRight";
				LD_RUNPATH_SEARCH_PATHS = (
					"$(inherited)",
					"@executable_path/Frameworks",
				);
				MARKETING_VERSION = 1.0;
				PRODUCT_BUNDLE_IDENTIFIER = com.pharmacy.admin.PharmacyAdminApp;
				PRODUCT_NAME = "$(TARGET_NAME)";
				SWIFT_EMIT_LOC_STRINGS = YES;
				SWIFT_VERSION = 5.0;
				TARGETED_DEVICE_FAMILY = "1,2";
			};
			name = Debug;
		};
		7EFED9DC2B57CD8800FDE1A5 /* Release */ = {
			isa = XCBuildConfiguration;
			buildSettings = {
				ASSETCATALOG_COMPILER_APPICON_NAME = AppIcon;
				ASSETCATALOG_COMPILER_GLOBAL_ACCENT_COLOR_NAME = AccentColor;
				CODE_SIGN_STYLE = Automatic;
				CURRENT_PROJECT_VERSION = 1;
				DEVELOPMENT_TEAM = JJ477WM6T9;
				GENERATE_INFOPLIST_FILE = YES;
				INFOPLIST_FILE = PharmacyAdminApp/Info.plist;
				INFOPLIST_KEY_UIApplicationSupportsIndirectInputEvents = YES;
				INFOPLIST_KEY_UILaunchStoryboardName = LaunchScreen;
				INFOPLIST_KEY_UIMainStoryboardFile = Main;
				INFOPLIST_KEY_UISupportedInterfaceOrientations_iPad = "UIInterfaceOrientationPortrait UIInterfaceOrientationPortraitUpsideDown UIInterfaceOrientationLandscapeLeft UIInterfaceOrientationLandscapeRight";
				INFOPLIST_KEY_UISupportedInterfaceOrientations_iPhone = "UIInterfaceOrientationPortrait UIInterfaceOrientationLandscapeLeft UIInterfaceOrientationLandscapeRight";
				LD_RUNPATH_SEARCH_PATHS = (
					"$(inherited)",
					"@executable_path/Frameworks",
				);
				MARKETING_VERSION = 1.0;
				PRODUCT_BUNDLE_IDENTIFIER = com.pharmacy.admin.PharmacyAdminApp;
				PRODUCT_NAME = "$(TARGET_NAME)";
				SWIFT_EMIT_LOC_STRINGS = YES;
				SWIFT_VERSION = 5.0;
				TARGETED_DEVICE_FAMILY = "1,2";
			};
			name = Release;
		};
		7EFED9DE2B57CD8800FDE1A5 /* Debug */ = {
			isa = XCBuildConfiguration;
			buildSettings = {
				ALWAYS_EMBED_SWIFT_STANDARD_LIBRARIES = YES;
				BUNDLE_LOADER = "$(TEST_HOST)";
				CODE_SIGN_STYLE = Automatic;
				CURRENT_PROJECT_VERSION = 1;
				DEVELOPMENT_TEAM = JJ477WM6T9;
				GENERATE_INFOPLIST_FILE = YES;
				IPHONEOS_DEPLOYMENT_TARGET = 17.2;
				MARKETING_VERSION = 1.0;
				PRODUCT_BUNDLE_IDENTIFIER = com.pharmacy.admin.PharmacyAdminAppTests;
				PRODUCT_NAME = "$(TARGET_NAME)";
				SWIFT_EMIT_LOC_STRINGS = NO;
				SWIFT_VERSION = 5.0;
				TARGETED_DEVICE_FAMILY = "1,2";
				TEST_HOST = "$(BUILT_PRODUCTS_DIR)/PharmacyAdminApp.app/$(BUNDLE_EXECUTABLE_FOLDER_PATH)/PharmacyAdminApp";
			};
			name = Debug;
		};
		7EFED9DF2B57CD8800FDE1A5 /* Release */ = {
			isa = XCBuildConfiguration;
			buildSettings = {
				ALWAYS_EMBED_SWIFT_STANDARD_LIBRARIES = YES;
				BUNDLE_LOADER = "$(TEST_HOST)";
				CODE_SIGN_STYLE = Automatic;
				CURRENT_PROJECT_VERSION = 1;
				DEVELOPMENT_TEAM = JJ477WM6T9;
				GENERATE_INFOPLIST_FILE = YES;
				IPHONEOS_DEPLOYMENT_TARGET = 17.2;
				MARKETING_VERSION = 1.0;
				PRODUCT_BUNDLE_IDENTIFIER = com.pharmacy.admin.PharmacyAdminAppTests;
				PRODUCT_NAME = "$(TARGET_NAME)";
				SWIFT_EMIT_LOC_STRINGS = NO;
				SWIFT_VERSION = 5.0;
				TARGETED_DEVICE_FAMILY = "1,2";
				TEST_HOST = "$(BUILT_PRODUCTS_DIR)/PharmacyAdminApp.app/$(BUNDLE_EXECUTABLE_FOLDER_PATH)/PharmacyAdminApp";
			};
			name = Release;
		};
		7EFED9E12B57CD8800FDE1A5 /* Debug */ = {
			isa = XCBuildConfiguration;
			buildSettings = {
				ALWAYS_EMBED_SWIFT_STANDARD_LIBRARIES = YES;
				CODE_SIGN_STYLE = Automatic;
				CURRENT_PROJECT_VERSION = 1;
				DEVELOPMENT_TEAM = JJ477WM6T9;
				GENERATE_INFOPLIST_FILE = YES;
				MARKETING_VERSION = 1.0;
				PRODUCT_BUNDLE_IDENTIFIER = com.pharmacy.admin.PharmacyAdminAppUITests;
				PRODUCT_NAME = "$(TARGET_NAME)";
				SWIFT_EMIT_LOC_STRINGS = NO;
				SWIFT_VERSION = 5.0;
				TARGETED_DEVICE_FAMILY = "1,2";
				TEST_TARGET_NAME = PharmacyAdminApp;
			};
			name = Debug;
		};
		7EFED9E22B57CD8800FDE1A5 /* Release */ = {
			isa = XCBuildConfiguration;
			buildSettings = {
				ALWAYS_EMBED_SWIFT_STANDARD_LIBRARIES = YES;
				CODE_SIGN_STYLE = Automatic;
				CURRENT_PROJECT_VERSION = 1;
				DEVELOPMENT_TEAM = JJ477WM6T9;
				GENERATE_INFOPLIST_FILE = YES;
				MARKETING_VERSION = 1.0;
				PRODUCT_BUNDLE_IDENTIFIER = com.pharmacy.admin.PharmacyAdminAppUITests;
				PRODUCT_NAME = "$(TARGET_NAME)";
				SWIFT_EMIT_LOC_STRINGS = NO;
				SWIFT_VERSION = 5.0;
				TARGETED_DEVICE_FAMILY = "1,2";
				TEST_TARGET_NAME = PharmacyAdminApp;
			};
			name = Release;
		};
/* End XCBuildConfiguration section */

/* Begin XCConfigurationList section */
		7EFED9AB2B57CD8600FDE1A5 /* Build configuration list for PBXProject "PharmacyAdminApp" */ = {
			isa = XCConfigurationList;
			buildConfigurations = (
				7EFED9D82B57CD8800FDE1A5 /* Debug */,
				7EFED9D92B57CD8800FDE1A5 /* Release */,
			);
			defaultConfigurationIsVisible = 0;
			defaultConfigurationName = Release;
		};
		7EFED9DA2B57CD8800FDE1A5 /* Build configuration list for PBXNativeTarget "PharmacyAdminApp" */ = {
			isa = XCConfigurationList;
			buildConfigurations = (
				7EFED9DB2B57CD8800FDE1A5 /* Debug */,
				7EFED9DC2B57CD8800FDE1A5 /* Release */,
			);
			defaultConfigurationIsVisible = 0;
			defaultConfigurationName = Release;
		};
		7EFED9DD2B57CD8800FDE1A5 /* Build configuration list for PBXNativeTarget "PharmacyAdminAppTests" */ = {
			isa = XCConfigurationList;
			buildConfigurations = (
				7EFED9DE2B57CD8800FDE1A5 /* Debug */,
				7EFED9DF2B57CD8800FDE1A5 /* Release */,
			);
			defaultConfigurationIsVisible = 0;
			defaultConfigurationName = Release;
		};
		7EFED9E02B57CD8800FDE1A5 /* Build configuration list for PBXNativeTarget "PharmacyAdminAppUITests" */ = {
			isa = XCConfigurationList;
			buildConfigurations = (
				7EFED9E12B57CD8800FDE1A5 /* Debug */,
				7EFED9E22B57CD8800FDE1A5 /* Release */,
			);
			defaultConfigurationIsVisible = 0;
			defaultConfigurationName = Release;
		};
/* End XCConfigurationList section */
	};
	rootObject = 7EFED9A82B57CD8600FDE1A5 /* Project object */;
}
