// !$*UTF8*$!
{
	archiveVersion = 1;
	classes = {
	};
	objectVersion = 56;
	objects = {

/* Begin PBXBuildFile section */
		7EC1B4E32B593B81003958E2 /* Order.storyboard in Resources */ = {isa = PBXBuildFile; fileRef = 7EC1B4E22B593B81003958E2 /* Order.storyboard */; };
		7EC1B4E62B5A3744003958E2 /* ContactVC.swift in Sources */ = {isa = PBXBuildFile; fileRef = 7EC1B4E52B5A3744003958E2 /* ContactVC.swift */; };
		7EC1B4E82B5A3783003958E2 /* Contact.storyboard in Resources */ = {isa = PBXBuildFile; fileRef = 7EC1B4E72B5A3783003958E2 /* Contact.storyboard */; };
		7EC1B4EA2B5A3A57003958E2 /* OrderVC.swift in Sources */ = {isa = PBXBuildFile; fileRef = 7EC1B4E92B5A3A57003958E2 /* OrderVC.swift */; };
		7EC1B4EE2B5A3F86003958E2 /* OngoingOrderVC.swift in Sources */ = {isa = PBXBuildFile; fileRef = 7EC1B4ED2B5A3F86003958E2 /* OngoingOrderVC.swift */; };
		7EC1B4F02B5A3FAB003958E2 /* PastOrderVC.swift in Sources */ = {isa = PBXBuildFile; fileRef = 7EC1B4EF2B5A3FAB003958E2 /* PastOrderVC.swift */; };
		7EC1B4F52B5A3FFB003958E2 /* SwiftyPageController.swift in Sources */ = {isa = PBXBuildFile; fileRef = 7EC1B4F22B5A3FFB003958E2 /* SwiftyPageController.swift */; };
		7EC1B4F62B5A3FFB003958E2 /* SwiftyPageControllerAnimatorDefault.swift in Sources */ = {isa = PBXBuildFile; fileRef = 7EC1B4F32B5A3FFB003958E2 /* SwiftyPageControllerAnimatorDefault.swift */; };
		7EC1B4F72B5A3FFB003958E2 /* SwiftyPageControllerAnimatorParallax.swift in Sources */ = {isa = PBXBuildFile; fileRef = 7EC1B4F42B5A3FFB003958E2 /* SwiftyPageControllerAnimatorParallax.swift */; };
		7EC1B4F92B5A4107003958E2 /* Enum.swift in Sources */ = {isa = PBXBuildFile; fileRef = 7EC1B4F82B5A4107003958E2 /* Enum.swift */; };
		7EC1B4FB2B5A47E0003958E2 /* OngoingOrderTVCell.swift in Sources */ = {isa = PBXBuildFile; fileRef = 7EC1B4FA2B5A47E0003958E2 /* OngoingOrderTVCell.swift */; };
		7EC1B4FD2B5A47F1003958E2 /* PastOrderTVCell.swift in Sources */ = {isa = PBXBuildFile; fileRef = 7EC1B4FC2B5A47F1003958E2 /* PastOrderTVCell.swift */; };
		7EDBEBF02B58F8970015AB68 /* RoundedButton.swift in Sources */ = {isa = PBXBuildFile; fileRef = 7EDBEBEF2B58F8970015AB68 /* RoundedButton.swift */; };
		7EDBEBF42B58FEBE0015AB68 /* Auth.storyboard in Resources */ = {isa = PBXBuildFile; fileRef = 7EDBEBF32B58FEBE0015AB68 /* Auth.storyboard */; };
		7EDBEBF72B58FEFF0015AB68 /* Home.storyboard in Resources */ = {isa = PBXBuildFile; fileRef = 7EDBEBF62B58FEFF0015AB68 /* Home.storyboard */; };
		7EDBEC042B590A100015AB68 /* LICENSE in Resources */ = {isa = PBXBuildFile; fileRef = 7EDBEBF92B590A100015AB68 /* LICENSE */; };
		7EDBEC052B590A100015AB68 /* CenterContainmentSegue.swift in Sources */ = {isa = PBXBuildFile; fileRef = 7EDBEBFB2B590A100015AB68 /* CenterContainmentSegue.swift */; };
		7EDBEC062B590A100015AB68 /* SideContainmentSegue.swift in Sources */ = {isa = PBXBuildFile; fileRef = 7EDBEBFC2B590A100015AB68 /* SideContainmentSegue.swift */; };
		7EDBEC072B590A100015AB68 /* TransitionAnimator.swift in Sources */ = {isa = PBXBuildFile; fileRef = 7EDBEBFD2B590A100015AB68 /* TransitionAnimator.swift */; };
		7EDBEC082B590A100015AB68 /* UIKitExtensions.swift in Sources */ = {isa = PBXBuildFile; fileRef = 7EDBEBFE2B590A100015AB68 /* UIKitExtensions.swift */; };
		7EDBEC092B590A100015AB68 /* SideMenuController+CustomTypes.swift in Sources */ = {isa = PBXBuildFile; fileRef = 7EDBEBFF2B590A100015AB68 /* SideMenuController+CustomTypes.swift */; };
		7EDBEC0A2B590A100015AB68 /* SideMenuController+SideUnder.swift in Sources */ = {isa = PBXBuildFile; fileRef = 7EDBEC002B590A100015AB68 /* SideMenuController+SideUnder.swift */; };
		7EDBEC0B2B590A100015AB68 /* SideMenuController.swift in Sources */ = {isa = PBXBuildFile; fileRef = 7EDBEC012B590A100015AB68 /* SideMenuController.swift */; };
		7EDBEC0C2B590A100015AB68 /* SideMenuController+SideOver.swift in Sources */ = {isa = PBXBuildFile; fileRef = 7EDBEC022B590A100015AB68 /* SideMenuController+SideOver.swift */; };
		7EDBEC0D2B590A100015AB68 /* README.md in Resources */ = {isa = PBXBuildFile; fileRef = 7EDBEC032B590A100015AB68 /* README.md */; };
		7EDBEC0F2B5912870015AB68 /* SideMenuConfigurationVC.swift in Sources */ = {isa = PBXBuildFile; fileRef = 7EDBEC0E2B5912870015AB68 /* SideMenuConfigurationVC.swift */; };
		7EDBEC122B591A9E0015AB68 /* SideMenuVC.swift in Sources */ = {isa = PBXBuildFile; fileRef = 7EDBEC112B591A9E0015AB68 /* SideMenuVC.swift */; };
		7EDBEC142B591DB00015AB68 /* SideMenuTVCell.swift in Sources */ = {isa = PBXBuildFile; fileRef = 7EDBEC132B591DB00015AB68 /* SideMenuTVCell.swift */; };
		7EDBEC162B591E1A0015AB68 /* SideMenuVM.swift in Sources */ = {isa = PBXBuildFile; fileRef = 7EDBEC152B591E1A0015AB68 /* SideMenuVM.swift */; };
		7EFED9B42B57CD8600FDE1A5 /* AppDelegate.swift in Sources */ = {isa = PBXBuildFile; fileRef = 7EFED9B32B57CD8600FDE1A5 /* AppDelegate.swift */; };
		7EFED9B62B57CD8600FDE1A5 /* SceneDelegate.swift in Sources */ = {isa = PBXBuildFile; fileRef = 7EFED9B52B57CD8600FDE1A5 /* SceneDelegate.swift */; };
		7EFED9B82B57CD8600FDE1A5 /* ViewController.swift in Sources */ = {isa = PBXBuildFile; fileRef = 7EFED9B72B57CD8600FDE1A5 /* ViewController.swift */; };
		7EFED9BB2B57CD8600FDE1A5 /* Main.storyboard in Resources */ = {isa = PBXBuildFile; fileRef = 7EFED9B92B57CD8600FDE1A5 /* Main.storyboard */; };
		7EFED9BD2B57CD8800FDE1A5 /* Assets.xcassets in Resources */ = {isa = PBXBuildFile; fileRef = 7EFED9BC2B57CD8800FDE1A5 /* Assets.xcassets */; };
		7EFED9C02B57CD8800FDE1A5 /* LaunchScreen.storyboard in Resources */ = {isa = PBXBuildFile; fileRef = 7EFED9BE2B57CD8800FDE1A5 /* LaunchScreen.storyboard */; };
		7EFED9CB2B57CD8800FDE1A5 /* PharmacyAdminAppTests.swift in Sources */ = {isa = PBXBuildFile; fileRef = 7EFED9CA2B57CD8800FDE1A5 /* PharmacyAdminAppTests.swift */; };
		7EFED9D52B57CD8800FDE1A5 /* PharmacyAdminAppUITests.swift in Sources */ = {isa = PBXBuildFile; fileRef = 7EFED9D42B57CD8800FDE1A5 /* PharmacyAdminAppUITests.swift */; };
		7EFED9D72B57CD8800FDE1A5 /* PharmacyAdminAppUITestsLaunchTests.swift in Sources */ = {isa = PBXBuildFile; fileRef = 7EFED9D62B57CD8800FDE1A5 /* PharmacyAdminAppUITestsLaunchTests.swift */; };
		82062F252B722A9B00600E34 /* HomeVC.swift in Sources */ = {isa = PBXBuildFile; fileRef = 82062F242B722A9B00600E34 /* HomeVC.swift */; };
		820D79E92B6C07670092AE11 /* FirestoreUserManager.swift in Sources */ = {isa = PBXBuildFile; fileRef = 820D79E82B6C07670092AE11 /* FirestoreUserManager.swift */; };
		820D79EB2B6C15440092AE11 /* Extensions.swift in Sources */ = {isa = PBXBuildFile; fileRef = 820D79EA2B6C15440092AE11 /* Extensions.swift */; };
		820D79ED2B6C15710092AE11 /* FirestorePharmacyStore.swift in Sources */ = {isa = PBXBuildFile; fileRef = 820D79EC2B6C15710092AE11 /* FirestorePharmacyStore.swift */; };
		82101FA22BAC33DE00703E08 /* LoginVM.swift in Sources */ = {isa = PBXBuildFile; fileRef = 82101FA12BAC33DE00703E08 /* LoginVM.swift */; };
		821A603C2B8E2FBA007488CA /* SignUpVC.swift in Sources */ = {isa = PBXBuildFile; fileRef = 821A603B2B8E2FBA007488CA /* SignUpVC.swift */; };
		821A603E2B8E3082007488CA /* SignUpVM.swift in Sources */ = {isa = PBXBuildFile; fileRef = 821A603D2B8E3082007488CA /* SignUpVM.swift */; };
		8260085F2BB585C900F7F0F1 /* AddProductVC.swift in Sources */ = {isa = PBXBuildFile; fileRef = 8260085E2BB585C900F7F0F1 /* AddProductVC.swift */; };
		826A7AC92B8FA01A00879806 /* ContactVM.swift in Sources */ = {isa = PBXBuildFile; fileRef = 826A7AC82B8FA01A00879806 /* ContactVM.swift */; };
		8287C9702B63CBCD00AB054C /* LaunchScreenVC.swift in Sources */ = {isa = PBXBuildFile; fileRef = 8287C96F2B63CBCD00AB054C /* LaunchScreenVC.swift */; };
		8287C9722B63CD9E00AB054C /* ApplicationServiceProvider.swift in Sources */ = {isa = PBXBuildFile; fileRef = 8287C9712B63CD9E00AB054C /* ApplicationServiceProvider.swift */; };
		8287C9742B63CF6C00AB054C /* KeychainManager.swift in Sources */ = {isa = PBXBuildFile; fileRef = 8287C9732B63CF6C00AB054C /* KeychainManager.swift */; };
		8287C9792B64D0D900AB054C /* LaunchScreenVM.swift in Sources */ = {isa = PBXBuildFile; fileRef = 8287C9782B64D0D900AB054C /* LaunchScreenVM.swift */; };
		8287C97B2B64D11000AB054C /* Handler.swift in Sources */ = {isa = PBXBuildFile; fileRef = 8287C97A2B64D11000AB054C /* Handler.swift */; };
		8287C97D2B64D38500AB054C /* Constants.swift in Sources */ = {isa = PBXBuildFile; fileRef = 8287C97C2B64D38500AB054C /* Constants.swift */; };
		8287C9812B64D40400AB054C /* FirestoreUser.swift in Sources */ = {isa = PBXBuildFile; fileRef = 8287C9802B64D40400AB054C /* FirestoreUser.swift */; };
		8287C9832B64D7ED00AB054C /* AlertManager.swift in Sources */ = {isa = PBXBuildFile; fileRef = 8287C9822B64D7ED00AB054C /* AlertManager.swift */; };
		828BF3BA2BB537A000158882 /* ChatImageVC.swift in Sources */ = {isa = PBXBuildFile; fileRef = 828BF3B92BB537A000158882 /* ChatImageVC.swift */; };
		829011C42B9AE89C00EA6F7B /* Product.storyboard in Resources */ = {isa = PBXBuildFile; fileRef = 829011C32B9AE89C00EA6F7B /* Product.storyboard */; };
		829011C62B9AE8B900EA6F7B /* ProductVC.swift in Sources */ = {isa = PBXBuildFile; fileRef = 829011C52B9AE8B900EA6F7B /* ProductVC.swift */; };
		829011C82B9AEA4200EA6F7B /* ProductVM.swift in Sources */ = {isa = PBXBuildFile; fileRef = 829011C72B9AEA4200EA6F7B /* ProductVM.swift */; };
		829011CA2B9AF81400EA6F7B /* ProductCategoryTVCell.swift in Sources */ = {isa = PBXBuildFile; fileRef = 829011C92B9AF81400EA6F7B /* ProductCategoryTVCell.swift */; };
		829011CC2B9AF82800EA6F7B /* ProductCategoryCVCell.swift in Sources */ = {isa = PBXBuildFile; fileRef = 829011CB2B9AF82700EA6F7B /* ProductCategoryCVCell.swift */; };
		829245E62B8A03C8005023B5 /* Pods_PharmacyAdminApp.framework in Frameworks */ = {isa = PBXBuildFile; fileRef = 55F38AFFED5AEA6FD7F4444D /* Pods_PharmacyAdminApp.framework */; };
		82A6CE332BA29B1300E08DF8 /* GoogleService-Info.plist in Resources */ = {isa = PBXBuildFile; fileRef = 82A6CE322BA29B1300E08DF8 /* GoogleService-Info.plist */; };
		82A6CE372BA29DA700E08DF8 /* LoginVC.swift in Sources */ = {isa = PBXBuildFile; fileRef = 82A6CE362BA29DA700E08DF8 /* LoginVC.swift */; };
		82D9A8E82BAD456C0016311C /* TPKeyboardAvoidingScrollView in Resources */ = {isa = PBXBuildFile; fileRef = 82D9A8E72BAD456C0016311C /* TPKeyboardAvoidingScrollView */; };
		82D9A8EA2BAD542C0016311C /* OngoingOrderVM.swift in Sources */ = {isa = PBXBuildFile; fileRef = 82D9A8E92BAD542C0016311C /* OngoingOrderVM.swift */; };
		82D9A8EC2BAD921E0016311C /* FirestoreHelper.swift in Sources */ = {isa = PBXBuildFile; fileRef = 82D9A8EB2BAD921E0016311C /* FirestoreHelper.swift */; };
		82D9A8F12BB285E00016311C /* SenderChatImageTVCell.swift in Sources */ = {isa = PBXBuildFile; fileRef = 82D9A8EF2BB285E00016311C /* SenderChatImageTVCell.swift */; };
		82D9A8F22BB285E00016311C /* SenderChatImageTVCell.xib in Resources */ = {isa = PBXBuildFile; fileRef = 82D9A8F02BB285E00016311C /* SenderChatImageTVCell.xib */; };
		82D9A8F52BB286030016311C /* ReceiverChatImageTVCell.swift in Sources */ = {isa = PBXBuildFile; fileRef = 82D9A8F32BB286030016311C /* ReceiverChatImageTVCell.swift */; };
		82D9A8F62BB286030016311C /* ReceiverChatImageTVCell.xib in Resources */ = {isa = PBXBuildFile; fileRef = 82D9A8F42BB286030016311C /* ReceiverChatImageTVCell.xib */; };
		82D9A8F82BB28FE30016311C /* CloudStorageHelper.swift in Sources */ = {isa = PBXBuildFile; fileRef = 82D9A8F72BB28FE30016311C /* CloudStorageHelper.swift */; };
		82DB75BA2B9B1B7500002567 /* Dashboard.storyboard in Resources */ = {isa = PBXBuildFile; fileRef = 82DB75B92B9B1B7500002567 /* Dashboard.storyboard */; };
		82DB75BC2B9B1B8F00002567 /* DashboardVC.swift in Sources */ = {isa = PBXBuildFile; fileRef = 82DB75BB2B9B1B8F00002567 /* DashboardVC.swift */; };
		82DB75BE2B9B1B9800002567 /* DashboardVM.swift in Sources */ = {isa = PBXBuildFile; fileRef = 82DB75BD2B9B1B9800002567 /* DashboardVM.swift */; };
		82DB75C52B9EAE2600002567 /* OrderDetailsVC.swift in Sources */ = {isa = PBXBuildFile; fileRef = 82DB75C42B9EAE2600002567 /* OrderDetailsVC.swift */; };
		82DB75C72B9EB0DC00002567 /* OrderDetailsVM.swift in Sources */ = {isa = PBXBuildFile; fileRef = 82DB75C62B9EB0DC00002567 /* OrderDetailsVM.swift */; };
		82E1235A2BA4ECFA005A9E13 /* StoreRegisterVC.swift in Sources */ = {isa = PBXBuildFile; fileRef = 82E123592BA4ECFA005A9E13 /* StoreRegisterVC.swift */; };
		82E1235C2BA4ED4F005A9E13 /* StoreRegisterVM.swift in Sources */ = {isa = PBXBuildFile; fileRef = 82E1235B2BA4ED4F005A9E13 /* StoreRegisterVM.swift */; };
		82E1235F2BA4EE1D005A9E13 /* Location.storyboard in Resources */ = {isa = PBXBuildFile; fileRef = 82E1235E2BA4EE1D005A9E13 /* Location.storyboard */; };
		82E123622BA4EEC7005A9E13 /* SetLocationOnMapView.swift in Sources */ = {isa = PBXBuildFile; fileRef = 82E123612BA4EEC7005A9E13 /* SetLocationOnMapView.swift */; };
		82E123642BA4F16D005A9E13 /* GeocodeHelper.swift in Sources */ = {isa = PBXBuildFile; fileRef = 82E123632BA4F16D005A9E13 /* GeocodeHelper.swift */; };
		82E123682BA4F1EA005A9E13 /* GoogleMapsManager.swift in Sources */ = {isa = PBXBuildFile; fileRef = 82E123672BA4F1EA005A9E13 /* GoogleMapsManager.swift */; };
		82E1236A2BA4F1ED005A9E13 /* RecentLocation.swift in Sources */ = {isa = PBXBuildFile; fileRef = 82E123692BA4F1ED005A9E13 /* RecentLocation.swift */; };
		82E1236C2BA4F1EF005A9E13 /* LocationManager.swift in Sources */ = {isa = PBXBuildFile; fileRef = 82E1236B2BA4F1EF005A9E13 /* LocationManager.swift */; };
		82E1236E2BA4F25D005A9E13 /* MapUtils.swift in Sources */ = {isa = PBXBuildFile; fileRef = 82E1236D2BA4F25D005A9E13 /* MapUtils.swift */; };
		82E22F442B7540A300041D97 /* SenderTVCell.swift in Sources */ = {isa = PBXBuildFile; fileRef = 82E22F422B7540A300041D97 /* SenderTVCell.swift */; };
		82E22F452B7540A300041D97 /* SenderTVCell.xib in Resources */ = {isa = PBXBuildFile; fileRef = 82E22F432B7540A300041D97 /* SenderTVCell.xib */; };
		82E22F4A2B75410A00041D97 /* ReceiverTVCell.swift in Sources */ = {isa = PBXBuildFile; fileRef = 82E22F482B75410A00041D97 /* ReceiverTVCell.swift */; };
		82E22F4B2B75410A00041D97 /* ReceiverTVCell.xib in Resources */ = {isa = PBXBuildFile; fileRef = 82E22F492B75410A00041D97 /* ReceiverTVCell.xib */; };
		B8DFD87089D5F56CC84A1AAD /* Pods_PharmacyAdminAppTests.framework in Frameworks */ = {isa = PBXBuildFile; fileRef = C78C8D802DB615076FEC92B9 /* Pods_PharmacyAdminAppTests.framework */; };
		F2FE238CE0B60D67088D90E1 /* Pods_PharmacyAdminApp_PharmacyAdminAppUITests.framework in Frameworks */ = {isa = PBXBuildFile; fileRef = 9C20D678153A99E14A67C862 /* Pods_PharmacyAdminApp_PharmacyAdminAppUITests.framework */; };
/* End PBXBuildFile section */

/* Begin PBXContainerItemProxy section */
		7EFED9C72B57CD8800FDE1A5 /* PBXContainerItemProxy */ = {
			isa = PBXContainerItemProxy;
			containerPortal = 7EFED9A82B57CD8600FDE1A5 /* Project object */;
			proxyType = 1;
			remoteGlobalIDString = 7EFED9AF2B57CD8600FDE1A5;
			remoteInfo = PharmacyAdminApp;
		};
		7EFED9D12B57CD8800FDE1A5 /* PBXContainerItemProxy */ = {
			isa = PBXContainerItemProxy;
			containerPortal = 7EFED9A82B57CD8600FDE1A5 /* Project object */;
			proxyType = 1;
			remoteGlobalIDString = 7EFED9AF2B57CD8600FDE1A5;
			remoteInfo = PharmacyAdminApp;
		};
/* End PBXContainerItemProxy section */

/* Begin PBXFileReference section */
		55F38AFFED5AEA6FD7F4444D /* Pods_PharmacyAdminApp.framework */ = {isa = PBXFileReference; explicitFileType = wrapper.framework; includeInIndex = 0; path = Pods_PharmacyAdminApp.framework; sourceTree = BUILT_PRODUCTS_DIR; };
		66E37190FADF54C1A2853F02 /* Pods-PharmacyAdminAppTests.release.xcconfig */ = {isa = PBXFileReference; includeInIndex = 1; lastKnownFileType = text.xcconfig; name = "Pods-PharmacyAdminAppTests.release.xcconfig"; path = "Target Support Files/Pods-PharmacyAdminAppTests/Pods-PharmacyAdminAppTests.release.xcconfig"; sourceTree = "<group>"; };
		7CD70F1E25A5C4FE206EDA99 /* Pods-PharmacyAdminApp.debug.xcconfig */ = {isa = PBXFileReference; includeInIndex = 1; lastKnownFileType = text.xcconfig; name = "Pods-PharmacyAdminApp.debug.xcconfig"; path = "Target Support Files/Pods-PharmacyAdminApp/Pods-PharmacyAdminApp.debug.xcconfig"; sourceTree = "<group>"; };
		7EC1B4E22B593B81003958E2 /* Order.storyboard */ = {isa = PBXFileReference; lastKnownFileType = file.storyboard; path = Order.storyboard; sourceTree = "<group>"; };
		7EC1B4E52B5A3744003958E2 /* ContactVC.swift */ = {isa = PBXFileReference; lastKnownFileType = sourcecode.swift; path = ContactVC.swift; sourceTree = "<group>"; };
		7EC1B4E72B5A3783003958E2 /* Contact.storyboard */ = {isa = PBXFileReference; lastKnownFileType = file.storyboard; path = Contact.storyboard; sourceTree = "<group>"; };
		7EC1B4E92B5A3A57003958E2 /* OrderVC.swift */ = {isa = PBXFileReference; lastKnownFileType = sourcecode.swift; path = OrderVC.swift; sourceTree = "<group>"; };
		7EC1B4ED2B5A3F86003958E2 /* OngoingOrderVC.swift */ = {isa = PBXFileReference; lastKnownFileType = sourcecode.swift; path = OngoingOrderVC.swift; sourceTree = "<group>"; };
		7EC1B4EF2B5A3FAB003958E2 /* PastOrderVC.swift */ = {isa = PBXFileReference; lastKnownFileType = sourcecode.swift; path = PastOrderVC.swift; sourceTree = "<group>"; };
		7EC1B4F22B5A3FFB003958E2 /* SwiftyPageController.swift */ = {isa = PBXFileReference; fileEncoding = 4; lastKnownFileType = sourcecode.swift; path = SwiftyPageController.swift; sourceTree = "<group>"; };
		7EC1B4F32B5A3FFB003958E2 /* SwiftyPageControllerAnimatorDefault.swift */ = {isa = PBXFileReference; fileEncoding = 4; lastKnownFileType = sourcecode.swift; path = SwiftyPageControllerAnimatorDefault.swift; sourceTree = "<group>"; };
		7EC1B4F42B5A3FFB003958E2 /* SwiftyPageControllerAnimatorParallax.swift */ = {isa = PBXFileReference; fileEncoding = 4; lastKnownFileType = sourcecode.swift; path = SwiftyPageControllerAnimatorParallax.swift; sourceTree = "<group>"; };
		7EC1B4F82B5A4107003958E2 /* Enum.swift */ = {isa = PBXFileReference; lastKnownFileType = sourcecode.swift; path = Enum.swift; sourceTree = "<group>"; };
		7EC1B4FA2B5A47E0003958E2 /* OngoingOrderTVCell.swift */ = {isa = PBXFileReference; lastKnownFileType = sourcecode.swift; path = OngoingOrderTVCell.swift; sourceTree = "<group>"; };
		7EC1B4FC2B5A47F1003958E2 /* PastOrderTVCell.swift */ = {isa = PBXFileReference; lastKnownFileType = sourcecode.swift; path = PastOrderTVCell.swift; sourceTree = "<group>"; };
		7EDBEBEF2B58F8970015AB68 /* RoundedButton.swift */ = {isa = PBXFileReference; lastKnownFileType = sourcecode.swift; path = RoundedButton.swift; sourceTree = "<group>"; };
		7EDBEBF32B58FEBE0015AB68 /* Auth.storyboard */ = {isa = PBXFileReference; lastKnownFileType = file.storyboard; path = Auth.storyboard; sourceTree = "<group>"; };
		7EDBEBF62B58FEFF0015AB68 /* Home.storyboard */ = {isa = PBXFileReference; lastKnownFileType = file.storyboard; path = Home.storyboard; sourceTree = "<group>"; };
		7EDBEBF92B590A100015AB68 /* LICENSE */ = {isa = PBXFileReference; fileEncoding = 4; lastKnownFileType = text; path = LICENSE; sourceTree = "<group>"; };
		7EDBEBFB2B590A100015AB68 /* CenterContainmentSegue.swift */ = {isa = PBXFileReference; fileEncoding = 4; lastKnownFileType = sourcecode.swift; path = CenterContainmentSegue.swift; sourceTree = "<group>"; };
		7EDBEBFC2B590A100015AB68 /* SideContainmentSegue.swift */ = {isa = PBXFileReference; fileEncoding = 4; lastKnownFileType = sourcecode.swift; path = SideContainmentSegue.swift; sourceTree = "<group>"; };
		7EDBEBFD2B590A100015AB68 /* TransitionAnimator.swift */ = {isa = PBXFileReference; fileEncoding = 4; lastKnownFileType = sourcecode.swift; path = TransitionAnimator.swift; sourceTree = "<group>"; };
		7EDBEBFE2B590A100015AB68 /* UIKitExtensions.swift */ = {isa = PBXFileReference; fileEncoding = 4; lastKnownFileType = sourcecode.swift; path = UIKitExtensions.swift; sourceTree = "<group>"; };
		7EDBEBFF2B590A100015AB68 /* SideMenuController+CustomTypes.swift */ = {isa = PBXFileReference; fileEncoding = 4; lastKnownFileType = sourcecode.swift; path = "SideMenuController+CustomTypes.swift"; sourceTree = "<group>"; };
		7EDBEC002B590A100015AB68 /* SideMenuController+SideUnder.swift */ = {isa = PBXFileReference; fileEncoding = 4; lastKnownFileType = sourcecode.swift; path = "SideMenuController+SideUnder.swift"; sourceTree = "<group>"; };
		7EDBEC012B590A100015AB68 /* SideMenuController.swift */ = {isa = PBXFileReference; fileEncoding = 4; lastKnownFileType = sourcecode.swift; path = SideMenuController.swift; sourceTree = "<group>"; };
		7EDBEC022B590A100015AB68 /* SideMenuController+SideOver.swift */ = {isa = PBXFileReference; fileEncoding = 4; lastKnownFileType = sourcecode.swift; path = "SideMenuController+SideOver.swift"; sourceTree = "<group>"; };
		7EDBEC032B590A100015AB68 /* README.md */ = {isa = PBXFileReference; fileEncoding = 4; lastKnownFileType = net.daringfireball.markdown; path = README.md; sourceTree = "<group>"; };
		7EDBEC0E2B5912870015AB68 /* SideMenuConfigurationVC.swift */ = {isa = PBXFileReference; lastKnownFileType = sourcecode.swift; path = SideMenuConfigurationVC.swift; sourceTree = "<group>"; };
		7EDBEC112B591A9E0015AB68 /* SideMenuVC.swift */ = {isa = PBXFileReference; lastKnownFileType = sourcecode.swift; path = SideMenuVC.swift; sourceTree = "<group>"; };
		7EDBEC132B591DB00015AB68 /* SideMenuTVCell.swift */ = {isa = PBXFileReference; lastKnownFileType = sourcecode.swift; path = SideMenuTVCell.swift; sourceTree = "<group>"; };
		7EDBEC152B591E1A0015AB68 /* SideMenuVM.swift */ = {isa = PBXFileReference; lastKnownFileType = sourcecode.swift; path = SideMenuVM.swift; sourceTree = "<group>"; };
		7EFED9B02B57CD8600FDE1A5 /* PharmacyAdminApp.app */ = {isa = PBXFileReference; explicitFileType = wrapper.application; includeInIndex = 0; path = PharmacyAdminApp.app; sourceTree = BUILT_PRODUCTS_DIR; };
		7EFED9B32B57CD8600FDE1A5 /* AppDelegate.swift */ = {isa = PBXFileReference; lastKnownFileType = sourcecode.swift; path = AppDelegate.swift; sourceTree = "<group>"; };
		7EFED9B52B57CD8600FDE1A5 /* SceneDelegate.swift */ = {isa = PBXFileReference; lastKnownFileType = sourcecode.swift; path = SceneDelegate.swift; sourceTree = "<group>"; };
		7EFED9B72B57CD8600FDE1A5 /* ViewController.swift */ = {isa = PBXFileReference; lastKnownFileType = sourcecode.swift; path = ViewController.swift; sourceTree = "<group>"; };
		7EFED9BA2B57CD8600FDE1A5 /* Base */ = {isa = PBXFileReference; lastKnownFileType = file.storyboard; name = Base; path = Base.lproj/Main.storyboard; sourceTree = "<group>"; };
		7EFED9BC2B57CD8800FDE1A5 /* Assets.xcassets */ = {isa = PBXFileReference; lastKnownFileType = folder.assetcatalog; path = Assets.xcassets; sourceTree = "<group>"; };
		7EFED9BF2B57CD8800FDE1A5 /* Base */ = {isa = PBXFileReference; lastKnownFileType = file.storyboard; name = Base; path = Base.lproj/LaunchScreen.storyboard; sourceTree = "<group>"; };
		7EFED9C12B57CD8800FDE1A5 /* Info.plist */ = {isa = PBXFileReference; lastKnownFileType = text.plist.xml; path = Info.plist; sourceTree = "<group>"; };
		7EFED9C62B57CD8800FDE1A5 /* PharmacyAdminAppTests.xctest */ = {isa = PBXFileReference; explicitFileType = wrapper.cfbundle; includeInIndex = 0; path = PharmacyAdminAppTests.xctest; sourceTree = BUILT_PRODUCTS_DIR; };
		7EFED9CA2B57CD8800FDE1A5 /* PharmacyAdminAppTests.swift */ = {isa = PBXFileReference; lastKnownFileType = sourcecode.swift; path = PharmacyAdminAppTests.swift; sourceTree = "<group>"; };
		7EFED9D02B57CD8800FDE1A5 /* PharmacyAdminAppUITests.xctest */ = {isa = PBXFileReference; explicitFileType = wrapper.cfbundle; includeInIndex = 0; path = PharmacyAdminAppUITests.xctest; sourceTree = BUILT_PRODUCTS_DIR; };
		7EFED9D42B57CD8800FDE1A5 /* PharmacyAdminAppUITests.swift */ = {isa = PBXFileReference; lastKnownFileType = sourcecode.swift; path = PharmacyAdminAppUITests.swift; sourceTree = "<group>"; };
		7EFED9D62B57CD8800FDE1A5 /* PharmacyAdminAppUITestsLaunchTests.swift */ = {isa = PBXFileReference; lastKnownFileType = sourcecode.swift; path = PharmacyAdminAppUITestsLaunchTests.swift; sourceTree = "<group>"; };
		82062F242B722A9B00600E34 /* HomeVC.swift */ = {isa = PBXFileReference; lastKnownFileType = sourcecode.swift; path = HomeVC.swift; sourceTree = "<group>"; };
		820D79E82B6C07670092AE11 /* FirestoreUserManager.swift */ = {isa = PBXFileReference; lastKnownFileType = sourcecode.swift; path = FirestoreUserManager.swift; sourceTree = "<group>"; };
		820D79EA2B6C15440092AE11 /* Extensions.swift */ = {isa = PBXFileReference; lastKnownFileType = sourcecode.swift; path = Extensions.swift; sourceTree = "<group>"; };
		820D79EC2B6C15710092AE11 /* FirestorePharmacyStore.swift */ = {isa = PBXFileReference; lastKnownFileType = sourcecode.swift; path = FirestorePharmacyStore.swift; sourceTree = "<group>"; };
		82101FA12BAC33DE00703E08 /* LoginVM.swift */ = {isa = PBXFileReference; lastKnownFileType = sourcecode.swift; path = LoginVM.swift; sourceTree = "<group>"; };
		821A603B2B8E2FBA007488CA /* SignUpVC.swift */ = {isa = PBXFileReference; lastKnownFileType = sourcecode.swift; path = SignUpVC.swift; sourceTree = "<group>"; };
		821A603D2B8E3082007488CA /* SignUpVM.swift */ = {isa = PBXFileReference; lastKnownFileType = sourcecode.swift; path = SignUpVM.swift; sourceTree = "<group>"; };
		8260085E2BB585C900F7F0F1 /* AddProductVC.swift */ = {isa = PBXFileReference; lastKnownFileType = sourcecode.swift; path = AddProductVC.swift; sourceTree = "<group>"; };
		826A7AC82B8FA01A00879806 /* ContactVM.swift */ = {isa = PBXFileReference; lastKnownFileType = sourcecode.swift; path = ContactVM.swift; sourceTree = "<group>"; };
		8287C96F2B63CBCD00AB054C /* LaunchScreenVC.swift */ = {isa = PBXFileReference; lastKnownFileType = sourcecode.swift; path = LaunchScreenVC.swift; sourceTree = "<group>"; };
		8287C9712B63CD9E00AB054C /* ApplicationServiceProvider.swift */ = {isa = PBXFileReference; lastKnownFileType = sourcecode.swift; path = ApplicationServiceProvider.swift; sourceTree = "<group>"; };
		8287C9732B63CF6C00AB054C /* KeychainManager.swift */ = {isa = PBXFileReference; lastKnownFileType = sourcecode.swift; path = KeychainManager.swift; sourceTree = "<group>"; };
		8287C9782B64D0D900AB054C /* LaunchScreenVM.swift */ = {isa = PBXFileReference; lastKnownFileType = sourcecode.swift; path = LaunchScreenVM.swift; sourceTree = "<group>"; };
		8287C97A2B64D11000AB054C /* Handler.swift */ = {isa = PBXFileReference; lastKnownFileType = sourcecode.swift; path = Handler.swift; sourceTree = "<group>"; };
		8287C97C2B64D38500AB054C /* Constants.swift */ = {isa = PBXFileReference; lastKnownFileType = sourcecode.swift; path = Constants.swift; sourceTree = "<group>"; };
		8287C9802B64D40400AB054C /* FirestoreUser.swift */ = {isa = PBXFileReference; lastKnownFileType = sourcecode.swift; path = FirestoreUser.swift; sourceTree = "<group>"; };
		8287C9822B64D7ED00AB054C /* AlertManager.swift */ = {isa = PBXFileReference; lastKnownFileType = sourcecode.swift; path = AlertManager.swift; sourceTree = "<group>"; };
		828BF3B92BB537A000158882 /* ChatImageVC.swift */ = {isa = PBXFileReference; lastKnownFileType = sourcecode.swift; path = ChatImageVC.swift; sourceTree = "<group>"; };
		829011C32B9AE89C00EA6F7B /* Product.storyboard */ = {isa = PBXFileReference; lastKnownFileType = file.storyboard; path = Product.storyboard; sourceTree = "<group>"; };
		829011C52B9AE8B900EA6F7B /* ProductVC.swift */ = {isa = PBXFileReference; lastKnownFileType = sourcecode.swift; path = ProductVC.swift; sourceTree = "<group>"; };
		829011C72B9AEA4200EA6F7B /* ProductVM.swift */ = {isa = PBXFileReference; lastKnownFileType = sourcecode.swift; path = ProductVM.swift; sourceTree = "<group>"; };
		829011C92B9AF81400EA6F7B /* ProductCategoryTVCell.swift */ = {isa = PBXFileReference; lastKnownFileType = sourcecode.swift; path = ProductCategoryTVCell.swift; sourceTree = "<group>"; };
		829011CB2B9AF82700EA6F7B /* ProductCategoryCVCell.swift */ = {isa = PBXFileReference; lastKnownFileType = sourcecode.swift; path = ProductCategoryCVCell.swift; sourceTree = "<group>"; };
		82A6CE322BA29B1300E08DF8 /* GoogleService-Info.plist */ = {isa = PBXFileReference; fileEncoding = 4; lastKnownFileType = text.plist.xml; path = "GoogleService-Info.plist"; sourceTree = "<group>"; };
		82A6CE362BA29DA700E08DF8 /* LoginVC.swift */ = {isa = PBXFileReference; lastKnownFileType = sourcecode.swift; path = LoginVC.swift; sourceTree = "<group>"; };
		82D9A8E72BAD456C0016311C /* TPKeyboardAvoidingScrollView */ = {isa = PBXFileReference; lastKnownFileType = folder; path = TPKeyboardAvoidingScrollView; sourceTree = "<group>"; };
		82D9A8E92BAD542C0016311C /* OngoingOrderVM.swift */ = {isa = PBXFileReference; lastKnownFileType = sourcecode.swift; path = OngoingOrderVM.swift; sourceTree = "<group>"; };
		82D9A8EB2BAD921E0016311C /* FirestoreHelper.swift */ = {isa = PBXFileReference; lastKnownFileType = sourcecode.swift; path = FirestoreHelper.swift; sourceTree = "<group>"; };
		82D9A8EF2BB285E00016311C /* SenderChatImageTVCell.swift */ = {isa = PBXFileReference; lastKnownFileType = sourcecode.swift; path = SenderChatImageTVCell.swift; sourceTree = "<group>"; };
		82D9A8F02BB285E00016311C /* SenderChatImageTVCell.xib */ = {isa = PBXFileReference; lastKnownFileType = file.xib; path = SenderChatImageTVCell.xib; sourceTree = "<group>"; };
		82D9A8F32BB286030016311C /* ReceiverChatImageTVCell.swift */ = {isa = PBXFileReference; lastKnownFileType = sourcecode.swift; path = ReceiverChatImageTVCell.swift; sourceTree = "<group>"; };
		82D9A8F42BB286030016311C /* ReceiverChatImageTVCell.xib */ = {isa = PBXFileReference; lastKnownFileType = file.xib; path = ReceiverChatImageTVCell.xib; sourceTree = "<group>"; };
		82D9A8F72BB28FE30016311C /* CloudStorageHelper.swift */ = {isa = PBXFileReference; lastKnownFileType = sourcecode.swift; path = CloudStorageHelper.swift; sourceTree = "<group>"; };
		82DB75B92B9B1B7500002567 /* Dashboard.storyboard */ = {isa = PBXFileReference; lastKnownFileType = file.storyboard; path = Dashboard.storyboard; sourceTree = "<group>"; };
		82DB75BB2B9B1B8F00002567 /* DashboardVC.swift */ = {isa = PBXFileReference; lastKnownFileType = sourcecode.swift; path = DashboardVC.swift; sourceTree = "<group>"; };
		82DB75BD2B9B1B9800002567 /* DashboardVM.swift */ = {isa = PBXFileReference; lastKnownFileType = sourcecode.swift; path = DashboardVM.swift; sourceTree = "<group>"; };
		82DB75C42B9EAE2600002567 /* OrderDetailsVC.swift */ = {isa = PBXFileReference; lastKnownFileType = sourcecode.swift; path = OrderDetailsVC.swift; sourceTree = "<group>"; };
		82DB75C62B9EB0DC00002567 /* OrderDetailsVM.swift */ = {isa = PBXFileReference; lastKnownFileType = sourcecode.swift; path = OrderDetailsVM.swift; sourceTree = "<group>"; };
		82E123592BA4ECFA005A9E13 /* StoreRegisterVC.swift */ = {isa = PBXFileReference; lastKnownFileType = sourcecode.swift; path = StoreRegisterVC.swift; sourceTree = "<group>"; };
		82E1235B2BA4ED4F005A9E13 /* StoreRegisterVM.swift */ = {isa = PBXFileReference; lastKnownFileType = sourcecode.swift; path = StoreRegisterVM.swift; sourceTree = "<group>"; };
		82E1235E2BA4EE1D005A9E13 /* Location.storyboard */ = {isa = PBXFileReference; lastKnownFileType = file.storyboard; path = Location.storyboard; sourceTree = "<group>"; };
		82E123612BA4EEC7005A9E13 /* SetLocationOnMapView.swift */ = {isa = PBXFileReference; lastKnownFileType = sourcecode.swift; path = SetLocationOnMapView.swift; sourceTree = "<group>"; };
		82E123632BA4F16D005A9E13 /* GeocodeHelper.swift */ = {isa = PBXFileReference; lastKnownFileType = sourcecode.swift; path = GeocodeHelper.swift; sourceTree = "<group>"; };
		82E123672BA4F1EA005A9E13 /* GoogleMapsManager.swift */ = {isa = PBXFileReference; lastKnownFileType = sourcecode.swift; path = GoogleMapsManager.swift; sourceTree = "<group>"; };
		82E123692BA4F1ED005A9E13 /* RecentLocation.swift */ = {isa = PBXFileReference; lastKnownFileType = sourcecode.swift; path = RecentLocation.swift; sourceTree = "<group>"; };
		82E1236B2BA4F1EF005A9E13 /* LocationManager.swift */ = {isa = PBXFileReference; lastKnownFileType = sourcecode.swift; path = LocationManager.swift; sourceTree = "<group>"; };
		82E1236D2BA4F25D005A9E13 /* MapUtils.swift */ = {isa = PBXFileReference; lastKnownFileType = sourcecode.swift; path = MapUtils.swift; sourceTree = "<group>"; };
		82E22F422B7540A300041D97 /* SenderTVCell.swift */ = {isa = PBXFileReference; lastKnownFileType = sourcecode.swift; path = SenderTVCell.swift; sourceTree = "<group>"; };
		82E22F432B7540A300041D97 /* SenderTVCell.xib */ = {isa = PBXFileReference; lastKnownFileType = file.xib; path = SenderTVCell.xib; sourceTree = "<group>"; };
		82E22F482B75410A00041D97 /* ReceiverTVCell.swift */ = {isa = PBXFileReference; lastKnownFileType = sourcecode.swift; path = ReceiverTVCell.swift; sourceTree = "<group>"; };
		82E22F492B75410A00041D97 /* ReceiverTVCell.xib */ = {isa = PBXFileReference; lastKnownFileType = file.xib; path = ReceiverTVCell.xib; sourceTree = "<group>"; };
		8AC7D97CD2F3DBBCF5EA0ABF /* Pods-PharmacyAdminApp-PharmacyAdminAppUITests.release.xcconfig */ = {isa = PBXFileReference; includeInIndex = 1; lastKnownFileType = text.xcconfig; name = "Pods-PharmacyAdminApp-PharmacyAdminAppUITests.release.xcconfig"; path = "Target Support Files/Pods-PharmacyAdminApp-PharmacyAdminAppUITests/Pods-PharmacyAdminApp-PharmacyAdminAppUITests.release.xcconfig"; sourceTree = "<group>"; };
		9C20D678153A99E14A67C862 /* Pods_PharmacyAdminApp_PharmacyAdminAppUITests.framework */ = {isa = PBXFileReference; explicitFileType = wrapper.framework; includeInIndex = 0; path = Pods_PharmacyAdminApp_PharmacyAdminAppUITests.framework; sourceTree = BUILT_PRODUCTS_DIR; };
		C78C8D802DB615076FEC92B9 /* Pods_PharmacyAdminAppTests.framework */ = {isa = PBXFileReference; explicitFileType = wrapper.framework; includeInIndex = 0; path = Pods_PharmacyAdminAppTests.framework; sourceTree = BUILT_PRODUCTS_DIR; };
		D93DE33E4285594158BF6CF0 /* Pods-PharmacyAdminApp.release.xcconfig */ = {isa = PBXFileReference; includeInIndex = 1; lastKnownFileType = text.xcconfig; name = "Pods-PharmacyAdminApp.release.xcconfig"; path = "Target Support Files/Pods-PharmacyAdminApp/Pods-PharmacyAdminApp.release.xcconfig"; sourceTree = "<group>"; };
		F670BCA33E1A9CAC1E3B50DD /* Pods-PharmacyAdminApp-PharmacyAdminAppUITests.debug.xcconfig */ = {isa = PBXFileReference; includeInIndex = 1; lastKnownFileType = text.xcconfig; name = "Pods-PharmacyAdminApp-PharmacyAdminAppUITests.debug.xcconfig"; path = "Target Support Files/Pods-PharmacyAdminApp-PharmacyAdminAppUITests/Pods-PharmacyAdminApp-PharmacyAdminAppUITests.debug.xcconfig"; sourceTree = "<group>"; };
		FE5B318CE5B2BF28F7F76D38 /* Pods-PharmacyAdminAppTests.debug.xcconfig */ = {isa = PBXFileReference; includeInIndex = 1; lastKnownFileType = text.xcconfig; name = "Pods-PharmacyAdminAppTests.debug.xcconfig"; path = "Target Support Files/Pods-PharmacyAdminAppTests/Pods-PharmacyAdminAppTests.debug.xcconfig"; sourceTree = "<group>"; };
/* End PBXFileReference section */

/* Begin PBXFrameworksBuildPhase section */
		7EFED9AD2B57CD8600FDE1A5 /* Frameworks */ = {
			isa = PBXFrameworksBuildPhase;
			buildActionMask = 2147483647;
			files = (
				829245E62B8A03C8005023B5 /* Pods_PharmacyAdminApp.framework in Frameworks */,
			);
			runOnlyForDeploymentPostprocessing = 0;
		};
		7EFED9C32B57CD8800FDE1A5 /* Frameworks */ = {
			isa = PBXFrameworksBuildPhase;
			buildActionMask = 2147483647;
			files = (
				B8DFD87089D5F56CC84A1AAD /* Pods_PharmacyAdminAppTests.framework in Frameworks */,
			);
			runOnlyForDeploymentPostprocessing = 0;
		};
		7EFED9CD2B57CD8800FDE1A5 /* Frameworks */ = {
			isa = PBXFrameworksBuildPhase;
			buildActionMask = 2147483647;
			files = (
				F2FE238CE0B60D67088D90E1 /* Pods_PharmacyAdminApp_PharmacyAdminAppUITests.framework in Frameworks */,
			);
			runOnlyForDeploymentPostprocessing = 0;
		};
/* End PBXFrameworksBuildPhase section */

/* Begin PBXGroup section */
		0F83CC77B03704CE63DF33F6 /* Frameworks */ = {
			isa = PBXGroup;
			children = (
				55F38AFFED5AEA6FD7F4444D /* Pods_PharmacyAdminApp.framework */,
				9C20D678153A99E14A67C862 /* Pods_PharmacyAdminApp_PharmacyAdminAppUITests.framework */,
				C78C8D802DB615076FEC92B9 /* Pods_PharmacyAdminAppTests.framework */,
			);
			name = Frameworks;
			sourceTree = "<group>";
		};
		24CD17D61A6AECB03EDCE52F /* Pods */ = {
			isa = PBXGroup;
			children = (
				7CD70F1E25A5C4FE206EDA99 /* Pods-PharmacyAdminApp.debug.xcconfig */,
				D93DE33E4285594158BF6CF0 /* Pods-PharmacyAdminApp.release.xcconfig */,
				F670BCA33E1A9CAC1E3B50DD /* Pods-PharmacyAdminApp-PharmacyAdminAppUITests.debug.xcconfig */,
				8AC7D97CD2F3DBBCF5EA0ABF /* Pods-PharmacyAdminApp-PharmacyAdminAppUITests.release.xcconfig */,
				FE5B318CE5B2BF28F7F76D38 /* Pods-PharmacyAdminAppTests.debug.xcconfig */,
				66E37190FADF54C1A2853F02 /* Pods-PharmacyAdminAppTests.release.xcconfig */,
			);
			path = Pods;
			sourceTree = "<group>";
		};
		7EC1B4E12B593B6C003958E2 /* Order */ = {
			isa = PBXGroup;
			children = (
				7EC1B4E22B593B81003958E2 /* Order.storyboard */,
				7EC1B4EB2B5A3F34003958E2 /* OngoingOrder */,
				7EC1B4EC2B5A3F66003958E2 /* PastOrder */,
				7EC1B4E92B5A3A57003958E2 /* OrderVC.swift */,
				82DB75C42B9EAE2600002567 /* OrderDetailsVC.swift */,
				82DB75C62B9EB0DC00002567 /* OrderDetailsVM.swift */,
			);
			path = Order;
			sourceTree = "<group>";
		};
		7EC1B4E42B5A3728003958E2 /* Contact */ = {
			isa = PBXGroup;
			children = (
				828BF3B62BB5346E00158882 /* ChatImageView */,
				82D9A8EE2BB285880016311C /* ChatImageMesssage */,
				82D9A8ED2BB2856C0016311C /* ChatTextMesssage */,
				7EC1B4E72B5A3783003958E2 /* Contact.storyboard */,
				7EC1B4E52B5A3744003958E2 /* ContactVC.swift */,
				826A7AC82B8FA01A00879806 /* ContactVM.swift */,
				82D9A8EB2BAD921E0016311C /* FirestoreHelper.swift */,
			);
			path = Contact;
			sourceTree = "<group>";
		};
		7EC1B4EB2B5A3F34003958E2 /* OngoingOrder */ = {
			isa = PBXGroup;
			children = (
				7EC1B4ED2B5A3F86003958E2 /* OngoingOrderVC.swift */,
				7EC1B4FA2B5A47E0003958E2 /* OngoingOrderTVCell.swift */,
				82D9A8E92BAD542C0016311C /* OngoingOrderVM.swift */,
			);
			path = OngoingOrder;
			sourceTree = "<group>";
		};
		7EC1B4EC2B5A3F66003958E2 /* PastOrder */ = {
			isa = PBXGroup;
			children = (
				7EC1B4EF2B5A3FAB003958E2 /* PastOrderVC.swift */,
				7EC1B4FC2B5A47F1003958E2 /* PastOrderTVCell.swift */,
			);
			path = PastOrder;
			sourceTree = "<group>";
		};
		7EC1B4F12B5A3FFB003958E2 /* SwiftPageControl */ = {
			isa = PBXGroup;
			children = (
				7EC1B4F22B5A3FFB003958E2 /* SwiftyPageController.swift */,
				7EC1B4F32B5A3FFB003958E2 /* SwiftyPageControllerAnimatorDefault.swift */,
				7EC1B4F42B5A3FFB003958E2 /* SwiftyPageControllerAnimatorParallax.swift */,
			);
			path = SwiftPageControl;
			sourceTree = "<group>";
		};
		7EDBEBEE2B58F8660015AB68 /* Extension */ = {
			isa = PBXGroup;
			children = (
				7EC1B4F12B5A3FFB003958E2 /* SwiftPageControl */,
				7EDBEBF82B590A100015AB68 /* SideMenuController */,
				7EDBEBEF2B58F8970015AB68 /* RoundedButton.swift */,
				7EC1B4F82B5A4107003958E2 /* Enum.swift */,
				820D79E82B6C07670092AE11 /* FirestoreUserManager.swift */,
			);
			path = Extension;
			sourceTree = "<group>";
		};
		7EDBEBF12B58FE7A0015AB68 /* Main */ = {
			isa = PBXGroup;
			children = (
				7EFED9B92B57CD8600FDE1A5 /* Main.storyboard */,
				7EFED9B72B57CD8600FDE1A5 /* ViewController.swift */,
				8287C96F2B63CBCD00AB054C /* LaunchScreenVC.swift */,
				8287C9782B64D0D900AB054C /* LaunchScreenVM.swift */,
				7EDBEC102B591A860015AB68 /* SideMenu */,
			);
			path = Main;
			sourceTree = "<group>";
		};
		7EDBEBF22B58FE8E0015AB68 /* Auth */ = {
			isa = PBXGroup;
			children = (
				82E123582BA4ECDD005A9E13 /* StoreRegister */,
				82A6CE352BA29D8500E08DF8 /* New Group */,
				821A603A2B8E2F9D007488CA /* SignUp */,
				7EDBEBF32B58FEBE0015AB68 /* Auth.storyboard */,
			);
			path = Auth;
			sourceTree = "<group>";
		};
		7EDBEBF52B58FEEF0015AB68 /* Home */ = {
			isa = PBXGroup;
			children = (
				7EDBEBF62B58FEFF0015AB68 /* Home.storyboard */,
				7EDBEC0E2B5912870015AB68 /* SideMenuConfigurationVC.swift */,
				82062F242B722A9B00600E34 /* HomeVC.swift */,
			);
			path = Home;
			sourceTree = "<group>";
		};
		7EDBEBF82B590A100015AB68 /* SideMenuController */ = {
			isa = PBXGroup;
			children = (
				7EDBEBF92B590A100015AB68 /* LICENSE */,
				7EDBEBFA2B590A100015AB68 /* Source */,
				7EDBEC032B590A100015AB68 /* README.md */,
			);
			path = SideMenuController;
			sourceTree = "<group>";
		};
		7EDBEBFA2B590A100015AB68 /* Source */ = {
			isa = PBXGroup;
			children = (
				7EDBEBFB2B590A100015AB68 /* CenterContainmentSegue.swift */,
				7EDBEBFC2B590A100015AB68 /* SideContainmentSegue.swift */,
				7EDBEBFD2B590A100015AB68 /* TransitionAnimator.swift */,
				7EDBEBFE2B590A100015AB68 /* UIKitExtensions.swift */,
				7EDBEBFF2B590A100015AB68 /* SideMenuController+CustomTypes.swift */,
				7EDBEC002B590A100015AB68 /* SideMenuController+SideUnder.swift */,
				7EDBEC012B590A100015AB68 /* SideMenuController.swift */,
				7EDBEC022B590A100015AB68 /* SideMenuController+SideOver.swift */,
			);
			path = Source;
			sourceTree = "<group>";
		};
		7EDBEC102B591A860015AB68 /* SideMenu */ = {
			isa = PBXGroup;
			children = (
				7EDBEC112B591A9E0015AB68 /* SideMenuVC.swift */,
				7EDBEC132B591DB00015AB68 /* SideMenuTVCell.swift */,
				7EDBEC152B591E1A0015AB68 /* SideMenuVM.swift */,
			);
			path = SideMenu;
			sourceTree = "<group>";
		};
		7EFED9A72B57CD8600FDE1A5 = {
			isa = PBXGroup;
			children = (
				7EFED9B22B57CD8600FDE1A5 /* PharmacyAdminApp */,
				7EFED9C92B57CD8800FDE1A5 /* PharmacyAdminAppTests */,
				7EFED9D32B57CD8800FDE1A5 /* PharmacyAdminAppUITests */,
				7EFED9B12B57CD8600FDE1A5 /* Products */,
				24CD17D61A6AECB03EDCE52F /* Pods */,
				0F83CC77B03704CE63DF33F6 /* Frameworks */,
			);
			sourceTree = "<group>";
		};
		7EFED9B12B57CD8600FDE1A5 /* Products */ = {
			isa = PBXGroup;
			children = (
				7EFED9B02B57CD8600FDE1A5 /* PharmacyAdminApp.app */,
				7EFED9C62B57CD8800FDE1A5 /* PharmacyAdminAppTests.xctest */,
				7EFED9D02B57CD8800FDE1A5 /* PharmacyAdminAppUITests.xctest */,
			);
			name = Products;
			sourceTree = "<group>";
		};
		7EFED9B22B57CD8600FDE1A5 /* PharmacyAdminApp */ = {
			isa = PBXGroup;
			children = (
				82A6CE322BA29B1300E08DF8 /* GoogleService-Info.plist */,
				8287C97E2B64D3B000AB054C /* VC+VM */,
				8287C9752B63D2B600AB054C /* Help */,
				8287C97F2B64D3EC00AB054C /* Model */,
				7EFED9B32B57CD8600FDE1A5 /* AppDelegate.swift */,
				7EFED9B52B57CD8600FDE1A5 /* SceneDelegate.swift */,
				7EDBEBEE2B58F8660015AB68 /* Extension */,
				7EFED9BC2B57CD8800FDE1A5 /* Assets.xcassets */,
				7EFED9BE2B57CD8800FDE1A5 /* LaunchScreen.storyboard */,
				7EFED9C12B57CD8800FDE1A5 /* Info.plist */,
				8287C9712B63CD9E00AB054C /* ApplicationServiceProvider.swift */,
				8287C9732B63CF6C00AB054C /* KeychainManager.swift */,
			);
			path = PharmacyAdminApp;
			sourceTree = "<group>";
		};
		7EFED9C92B57CD8800FDE1A5 /* PharmacyAdminAppTests */ = {
			isa = PBXGroup;
			children = (
				7EFED9CA2B57CD8800FDE1A5 /* PharmacyAdminAppTests.swift */,
			);
			path = PharmacyAdminAppTests;
			sourceTree = "<group>";
		};
		7EFED9D32B57CD8800FDE1A5 /* PharmacyAdminAppUITests */ = {
			isa = PBXGroup;
			children = (
				7EFED9D42B57CD8800FDE1A5 /* PharmacyAdminAppUITests.swift */,
				7EFED9D62B57CD8800FDE1A5 /* PharmacyAdminAppUITestsLaunchTests.swift */,
			);
			path = PharmacyAdminAppUITests;
			sourceTree = "<group>";
		};
		821A603A2B8E2F9D007488CA /* SignUp */ = {
			isa = PBXGroup;
			children = (
				821A603B2B8E2FBA007488CA /* SignUpVC.swift */,
				821A603D2B8E3082007488CA /* SignUpVM.swift */,
			);
			path = SignUp;
			sourceTree = "<group>";
		};
		8260085D2BB585AC00F7F0F1 /* AddProductView */ = {
			isa = PBXGroup;
			children = (
				8260085E2BB585C900F7F0F1 /* AddProductVC.swift */,
			);
			path = AddProductView;
			sourceTree = "<group>";
		};
		8287C9752B63D2B600AB054C /* Help */ = {
			isa = PBXGroup;
			children = (
				82D9A8E72BAD456C0016311C /* TPKeyboardAvoidingScrollView */,
				82E123672BA4F1EA005A9E13 /* GoogleMapsManager.swift */,
				82E123692BA4F1ED005A9E13 /* RecentLocation.swift */,
				82E1236B2BA4F1EF005A9E13 /* LocationManager.swift */,
				8287C97A2B64D11000AB054C /* Handler.swift */,
				8287C97C2B64D38500AB054C /* Constants.swift */,
				8287C9822B64D7ED00AB054C /* AlertManager.swift */,
				820D79EA2B6C15440092AE11 /* Extensions.swift */,
				82E123632BA4F16D005A9E13 /* GeocodeHelper.swift */,
				82E1236D2BA4F25D005A9E13 /* MapUtils.swift */,
				82D9A8F72BB28FE30016311C /* CloudStorageHelper.swift */,
			);
			path = Help;
			sourceTree = "<group>";
		};
		8287C97E2B64D3B000AB054C /* VC+VM */ = {
			isa = PBXGroup;
			children = (
				7EDBEBF12B58FE7A0015AB68 /* Main */,
				7EDBEBF22B58FE8E0015AB68 /* Auth */,
				7EDBEBF52B58FEEF0015AB68 /* Home */,
				7EC1B4E12B593B6C003958E2 /* Order */,
				7EC1B4E42B5A3728003958E2 /* Contact */,
				829011C22B9AE88200EA6F7B /* Product */,
				82E1235D2BA4EE0A005A9E13 /* Location */,
				82DB75B82B9B1B4800002567 /* DashBoard */,
			);
			path = "VC+VM";
			sourceTree = "<group>";
		};
		8287C97F2B64D3EC00AB054C /* Model */ = {
			isa = PBXGroup;
			children = (
				8287C9802B64D40400AB054C /* FirestoreUser.swift */,
				820D79EC2B6C15710092AE11 /* FirestorePharmacyStore.swift */,
			);
			path = Model;
			sourceTree = "<group>";
		};
		828BF3B62BB5346E00158882 /* ChatImageView */ = {
			isa = PBXGroup;
			children = (
				828BF3B92BB537A000158882 /* ChatImageVC.swift */,
			);
			path = ChatImageView;
			sourceTree = "<group>";
		};
		829011C22B9AE88200EA6F7B /* Product */ = {
			isa = PBXGroup;
			children = (
				8260085D2BB585AC00F7F0F1 /* AddProductView */,
				829011C32B9AE89C00EA6F7B /* Product.storyboard */,
				829011C52B9AE8B900EA6F7B /* ProductVC.swift */,
				829011C72B9AEA4200EA6F7B /* ProductVM.swift */,
				829011C92B9AF81400EA6F7B /* ProductCategoryTVCell.swift */,
				829011CB2B9AF82700EA6F7B /* ProductCategoryCVCell.swift */,
			);
			path = Product;
			sourceTree = "<group>";
		};
		82A6CE352BA29D8500E08DF8 /* New Group */ = {
			isa = PBXGroup;
			children = (
				82A6CE362BA29DA700E08DF8 /* LoginVC.swift */,
				82101FA12BAC33DE00703E08 /* LoginVM.swift */,
			);
			path = "New Group";
			sourceTree = "<group>";
		};
		82D9A8ED2BB2856C0016311C /* ChatTextMesssage */ = {
			isa = PBXGroup;
			children = (
				82E22F432B7540A300041D97 /* SenderTVCell.xib */,
				82E22F422B7540A300041D97 /* SenderTVCell.swift */,
				82E22F492B75410A00041D97 /* ReceiverTVCell.xib */,
				82E22F482B75410A00041D97 /* ReceiverTVCell.swift */,
			);
			path = ChatTextMesssage;
			sourceTree = "<group>";
		};
		82D9A8EE2BB285880016311C /* ChatImageMesssage */ = {
			isa = PBXGroup;
			children = (
				82D9A8EF2BB285E00016311C /* SenderChatImageTVCell.swift */,
				82D9A8F02BB285E00016311C /* SenderChatImageTVCell.xib */,
				82D9A8F32BB286030016311C /* ReceiverChatImageTVCell.swift */,
				82D9A8F42BB286030016311C /* ReceiverChatImageTVCell.xib */,
			);
			path = ChatImageMesssage;
			sourceTree = "<group>";
		};
		82DB75B82B9B1B4800002567 /* DashBoard */ = {
			isa = PBXGroup;
			children = (
				82DB75B92B9B1B7500002567 /* Dashboard.storyboard */,
				82DB75BB2B9B1B8F00002567 /* DashboardVC.swift */,
				82DB75BD2B9B1B9800002567 /* DashboardVM.swift */,
			);
			path = DashBoard;
			sourceTree = "<group>";
		};
		82E123582BA4ECDD005A9E13 /* StoreRegister */ = {
			isa = PBXGroup;
			children = (
				82E123592BA4ECFA005A9E13 /* StoreRegisterVC.swift */,
				82E1235B2BA4ED4F005A9E13 /* StoreRegisterVM.swift */,
			);
			path = StoreRegister;
			sourceTree = "<group>";
		};
		82E1235D2BA4EE0A005A9E13 /* Location */ = {
			isa = PBXGroup;
			children = (
				82E1235E2BA4EE1D005A9E13 /* Location.storyboard */,
				82E123602BA4EE45005A9E13 /* SetLocation */,
			);
			path = Location;
			sourceTree = "<group>";
		};
		82E123602BA4EE45005A9E13 /* SetLocation */ = {
			isa = PBXGroup;
			children = (
				82E123612BA4EEC7005A9E13 /* SetLocationOnMapView.swift */,
			);
			path = SetLocation;
			sourceTree = "<group>";
		};
/* End PBXGroup section */

/* Begin PBXNativeTarget section */
		7EFED9AF2B57CD8600FDE1A5 /* PharmacyAdminApp */ = {
			isa = PBXNativeTarget;
			buildConfigurationList = 7EFED9DA2B57CD8800FDE1A5 /* Build configuration list for PBXNativeTarget "PharmacyAdminApp" */;
			buildPhases = (
				564FF4CE18ECEC9D4EC68EE2 /* [CP] Check Pods Manifest.lock */,
				7EFED9AC2B57CD8600FDE1A5 /* Sources */,
				7EFED9AD2B57CD8600FDE1A5 /* Frameworks */,
				7EFED9AE2B57CD8600FDE1A5 /* Resources */,
				829245E52B89FD0B005023B5 /* ShellScript */,
				59BE286C33FDBAF3B5A70354 /* [CP] Embed Pods Frameworks */,
				EAD2E009F5AA8D942EE70E21 /* [CP] Copy Pods Resources */,
			);
			buildRules = (
			);
			dependencies = (
			);
			name = PharmacyAdminApp;
			productName = PharmacyAdminApp;
			productReference = 7EFED9B02B57CD8600FDE1A5 /* PharmacyAdminApp.app */;
			productType = "com.apple.product-type.application";
		};
		7EFED9C52B57CD8800FDE1A5 /* PharmacyAdminAppTests */ = {
			isa = PBXNativeTarget;
			buildConfigurationList = 7EFED9DD2B57CD8800FDE1A5 /* Build configuration list for PBXNativeTarget "PharmacyAdminAppTests" */;
			buildPhases = (
				FFB7B480C42DAD8B9F116EBD /* [CP] Check Pods Manifest.lock */,
				7EFED9C22B57CD8800FDE1A5 /* Sources */,
				7EFED9C32B57CD8800FDE1A5 /* Frameworks */,
				7EFED9C42B57CD8800FDE1A5 /* Resources */,
			);
			buildRules = (
			);
			dependencies = (
				7EFED9C82B57CD8800FDE1A5 /* PBXTargetDependency */,
			);
			name = PharmacyAdminAppTests;
			productName = PharmacyAdminAppTests;
			productReference = 7EFED9C62B57CD8800FDE1A5 /* PharmacyAdminAppTests.xctest */;
			productType = "com.apple.product-type.bundle.unit-test";
		};
		7EFED9CF2B57CD8800FDE1A5 /* PharmacyAdminAppUITests */ = {
			isa = PBXNativeTarget;
			buildConfigurationList = 7EFED9E02B57CD8800FDE1A5 /* Build configuration list for PBXNativeTarget "PharmacyAdminAppUITests" */;
			buildPhases = (
				4C921D541FB75D8BDC6E8128 /* [CP] Check Pods Manifest.lock */,
				7EFED9CC2B57CD8800FDE1A5 /* Sources */,
				7EFED9CD2B57CD8800FDE1A5 /* Frameworks */,
				7EFED9CE2B57CD8800FDE1A5 /* Resources */,
				67E65527182FA4DC4B0A2339 /* [CP] Embed Pods Frameworks */,
				BAFE89DEB1C97763D847A7AD /* [CP] Copy Pods Resources */,
			);
			buildRules = (
			);
			dependencies = (
				7EFED9D22B57CD8800FDE1A5 /* PBXTargetDependency */,
			);
			name = PharmacyAdminAppUITests;
			productName = PharmacyAdminAppUITests;
			productReference = 7EFED9D02B57CD8800FDE1A5 /* PharmacyAdminAppUITests.xctest */;
			productType = "com.apple.product-type.bundle.ui-testing";
		};
/* End PBXNativeTarget section */

/* Begin PBXProject section */
		7EFED9A82B57CD8600FDE1A5 /* Project object */ = {
			isa = PBXProject;
			attributes = {
				BuildIndependentTargetsInParallel = 1;
				LastSwiftUpdateCheck = 1520;
				LastUpgradeCheck = 1520;
				TargetAttributes = {
					7EFED9AF2B57CD8600FDE1A5 = {
						CreatedOnToolsVersion = 15.2;
					};
					7EFED9C52B57CD8800FDE1A5 = {
						CreatedOnToolsVersion = 15.2;
						TestTargetID = 7EFED9AF2B57CD8600FDE1A5;
					};
					7EFED9CF2B57CD8800FDE1A5 = {
						CreatedOnToolsVersion = 15.2;
						TestTargetID = 7EFED9AF2B57CD8600FDE1A5;
					};
				};
			};
			buildConfigurationList = 7EFED9AB2B57CD8600FDE1A5 /* Build configuration list for PBXProject "PharmacyAdminApp" */;
			compatibilityVersion = "Xcode 14.0";
			developmentRegion = en;
			hasScannedForEncodings = 0;
			knownRegions = (
				en,
				Base,
			);
			mainGroup = 7EFED9A72B57CD8600FDE1A5;
			productRefGroup = 7EFED9B12B57CD8600FDE1A5 /* Products */;
			projectDirPath = "";
			projectRoot = "";
			targets = (
				7EFED9AF2B57CD8600FDE1A5 /* PharmacyAdminApp */,
				7EFED9C52B57CD8800FDE1A5 /* PharmacyAdminAppTests */,
				7EFED9CF2B57CD8800FDE1A5 /* PharmacyAdminAppUITests */,
			);
		};
/* End PBXProject section */

/* Begin PBXResourcesBuildPhase section */
		7EFED9AE2B57CD8600FDE1A5 /* Resources */ = {
			isa = PBXResourcesBuildPhase;
			buildActionMask = 2147483647;
			files = (
				82E1235F2BA4EE1D005A9E13 /* Location.storyboard in Resources */,
				7EDBEC042B590A100015AB68 /* LICENSE in Resources */,
				829011C42B9AE89C00EA6F7B /* Product.storyboard in Resources */,
				82A6CE332BA29B1300E08DF8 /* GoogleService-Info.plist in Resources */,
				82E22F452B7540A300041D97 /* SenderTVCell.xib in Resources */,
				7EC1B4E82B5A3783003958E2 /* Contact.storyboard in Resources */,
				82D9A8F22BB285E00016311C /* SenderChatImageTVCell.xib in Resources */,
				7EDBEBF42B58FEBE0015AB68 /* Auth.storyboard in Resources */,
				82DB75BA2B9B1B7500002567 /* Dashboard.storyboard in Resources */,
				7EDBEBF72B58FEFF0015AB68 /* Home.storyboard in Resources */,
				7EC1B4E32B593B81003958E2 /* Order.storyboard in Resources */,
				82E22F4B2B75410A00041D97 /* ReceiverTVCell.xib in Resources */,
				7EDBEC0D2B590A100015AB68 /* README.md in Resources */,
				82D9A8E82BAD456C0016311C /* TPKeyboardAvoidingScrollView in Resources */,
				82D9A8F62BB286030016311C /* ReceiverChatImageTVCell.xib in Resources */,
				7EFED9C02B57CD8800FDE1A5 /* LaunchScreen.storyboard in Resources */,
				7EFED9BD2B57CD8800FDE1A5 /* Assets.xcassets in Resources */,
				7EFED9BB2B57CD8600FDE1A5 /* Main.storyboard in Resources */,
			);
			runOnlyForDeploymentPostprocessing = 0;
		};
		7EFED9C42B57CD8800FDE1A5 /* Resources */ = {
			isa = PBXResourcesBuildPhase;
			buildActionMask = 2147483647;
			files = (
			);
			runOnlyForDeploymentPostprocessing = 0;
		};
		7EFED9CE2B57CD8800FDE1A5 /* Resources */ = {
			isa = PBXResourcesBuildPhase;
			buildActionMask = 2147483647;
			files = (
			);
			runOnlyForDeploymentPostprocessing = 0;
		};
/* End PBXResourcesBuildPhase section */

/* Begin PBXShellScriptBuildPhase section */
		4C921D541FB75D8BDC6E8128 /* [CP] Check Pods Manifest.lock */ = {
			isa = PBXShellScriptBuildPhase;
			buildActionMask = 2147483647;
			files = (
			);
			inputFileListPaths = (
			);
			inputPaths = (
				"${PODS_PODFILE_DIR_PATH}/Podfile.lock",
				"${PODS_ROOT}/Manifest.lock",
			);
			name = "[CP] Check Pods Manifest.lock";
			outputFileListPaths = (
			);
			outputPaths = (
				"$(DERIVED_FILE_DIR)/Pods-PharmacyAdminApp-PharmacyAdminAppUITests-checkManifestLockResult.txt",
			);
			runOnlyForDeploymentPostprocessing = 0;
			shellPath = /bin/sh;
			shellScript = "diff \"${PODS_PODFILE_DIR_PATH}/Podfile.lock\" \"${PODS_ROOT}/Manifest.lock\" > /dev/null\nif [ $? != 0 ] ; then\n    # print error to STDERR\n    echo \"error: The sandbox is not in sync with the Podfile.lock. Run 'pod install' or update your CocoaPods installation.\" >&2\n    exit 1\nfi\n# This output is used by Xcode 'outputs' to avoid re-running this script phase.\necho \"SUCCESS\" > \"${SCRIPT_OUTPUT_FILE_0}\"\n";
			showEnvVarsInLog = 0;
		};
		564FF4CE18ECEC9D4EC68EE2 /* [CP] Check Pods Manifest.lock */ = {
			isa = PBXShellScriptBuildPhase;
			buildActionMask = 2147483647;
			files = (
			);
			inputFileListPaths = (
			);
			inputPaths = (
				"${PODS_PODFILE_DIR_PATH}/Podfile.lock",
				"${PODS_ROOT}/Manifest.lock",
			);
			name = "[CP] Check Pods Manifest.lock";
			outputFileListPaths = (
			);
			outputPaths = (
				"$(DERIVED_FILE_DIR)/Pods-PharmacyAdminApp-checkManifestLockResult.txt",
			);
			runOnlyForDeploymentPostprocessing = 0;
			shellPath = /bin/sh;
			shellScript = "diff \"${PODS_PODFILE_DIR_PATH}/Podfile.lock\" \"${PODS_ROOT}/Manifest.lock\" > /dev/null\nif [ $? != 0 ] ; then\n    # print error to STDERR\n    echo \"error: The sandbox is not in sync with the Podfile.lock. Run 'pod install' or update your CocoaPods installation.\" >&2\n    exit 1\nfi\n# This output is used by Xcode 'outputs' to avoid re-running this script phase.\necho \"SUCCESS\" > \"${SCRIPT_OUTPUT_FILE_0}\"\n";
			showEnvVarsInLog = 0;
		};
		59BE286C33FDBAF3B5A70354 /* [CP] Embed Pods Frameworks */ = {
			isa = PBXShellScriptBuildPhase;
			buildActionMask = 2147483647;
			files = (
			);
			inputFileListPaths = (
				"${PODS_ROOT}/Target Support Files/Pods-PharmacyAdminApp/Pods-PharmacyAdminApp-frameworks-${CONFIGURATION}-input-files.xcfilelist",
			);
			name = "[CP] Embed Pods Frameworks";
			outputFileListPaths = (
				"${PODS_ROOT}/Target Support Files/Pods-PharmacyAdminApp/Pods-PharmacyAdminApp-frameworks-${CONFIGURATION}-output-files.xcfilelist",
			);
			runOnlyForDeploymentPostprocessing = 0;
			shellPath = /bin/sh;
			shellScript = "\"${PODS_ROOT}/Target Support Files/Pods-PharmacyAdminApp/Pods-PharmacyAdminApp-frameworks.sh\"\n";
			showEnvVarsInLog = 0;
		};
		67E65527182FA4DC4B0A2339 /* [CP] Embed Pods Frameworks */ = {
			isa = PBXShellScriptBuildPhase;
			buildActionMask = 2147483647;
			files = (
			);
			inputFileListPaths = (
				"${PODS_ROOT}/Target Support Files/Pods-PharmacyAdminApp-PharmacyAdminAppUITests/Pods-PharmacyAdminApp-PharmacyAdminAppUITests-frameworks-${CONFIGURATION}-input-files.xcfilelist",
			);
			name = "[CP] Embed Pods Frameworks";
			outputFileListPaths = (
				"${PODS_ROOT}/Target Support Files/Pods-PharmacyAdminApp-PharmacyAdminAppUITests/Pods-PharmacyAdminApp-PharmacyAdminAppUITests-frameworks-${CONFIGURATION}-output-files.xcfilelist",
			);
			runOnlyForDeploymentPostprocessing = 0;
			shellPath = /bin/sh;
			shellScript = "\"${PODS_ROOT}/Target Support Files/Pods-PharmacyAdminApp-PharmacyAdminAppUITests/Pods-PharmacyAdminApp-PharmacyAdminAppUITests-frameworks.sh\"\n";
			showEnvVarsInLog = 0;
		};
		829245E52B89FD0B005023B5 /* ShellScript */ = {
			isa = PBXShellScriptBuildPhase;
			buildActionMask = 2147483647;
			files = (
			);
			inputFileListPaths = (
			);
			inputPaths = (
				"${DWARF_DSYM_FOLDER_PATH}/${DWARF_DSYM_FILE_NAME}",
				"${DWARF_DSYM_FOLDER_PATH}/${DWARF_DSYM_FILE_NAME}/Contents/Resources/DWARF/${PRODUCT_NAME}",
				"${DWARF_DSYM_FOLDER_PATH}/${DWARF_DSYM_FILE_NAME}/Contents/Info.plist",
				"$(TARGET_BUILD_DIR)/$(UNLOCALIZED_RESOURCES_FOLDER_PATH)/GoogleService-Info.plist",
				"$(TARGET_BUILD_DIR)/$(EXECUTABLE_PATH)",
			);
			outputFileListPaths = (
			);
			outputPaths = (
			);
			runOnlyForDeploymentPostprocessing = 0;
			shellPath = /bin/sh;
			shellScript = "# Type a script or drag a script file from your workspace to insert its path.\n\"${BUILD_DIR%/Build/*}/SourcePackages/checkouts/firebase-ios-sdk/Crashlytics/run\"\n";
		};
		BAFE89DEB1C97763D847A7AD /* [CP] Copy Pods Resources */ = {
			isa = PBXShellScriptBuildPhase;
			buildActionMask = 2147483647;
			files = (
			);
			inputFileListPaths = (
				"${PODS_ROOT}/Target Support Files/Pods-PharmacyAdminApp-PharmacyAdminAppUITests/Pods-PharmacyAdminApp-PharmacyAdminAppUITests-resources-${CONFIGURATION}-input-files.xcfilelist",
			);
			name = "[CP] Copy Pods Resources";
			outputFileListPaths = (
				"${PODS_ROOT}/Target Support Files/Pods-PharmacyAdminApp-PharmacyAdminAppUITests/Pods-PharmacyAdminApp-PharmacyAdminAppUITests-resources-${CONFIGURATION}-output-files.xcfilelist",
			);
			runOnlyForDeploymentPostprocessing = 0;
			shellPath = /bin/sh;
			shellScript = "\"${PODS_ROOT}/Target Support Files/Pods-PharmacyAdminApp-PharmacyAdminAppUITests/Pods-PharmacyAdminApp-PharmacyAdminAppUITests-resources.sh\"\n";
			showEnvVarsInLog = 0;
		};
		EAD2E009F5AA8D942EE70E21 /* [CP] Copy Pods Resources */ = {
			isa = PBXShellScriptBuildPhase;
			buildActionMask = 2147483647;
			files = (
			);
			inputFileListPaths = (
				"${PODS_ROOT}/Target Support Files/Pods-PharmacyAdminApp/Pods-PharmacyAdminApp-resources-${CONFIGURATION}-input-files.xcfilelist",
			);
			name = "[CP] Copy Pods Resources";
			outputFileListPaths = (
				"${PODS_ROOT}/Target Support Files/Pods-PharmacyAdminApp/Pods-PharmacyAdminApp-resources-${CONFIGURATION}-output-files.xcfilelist",
			);
			runOnlyForDeploymentPostprocessing = 0;
			shellPath = /bin/sh;
			shellScript = "\"${PODS_ROOT}/Target Support Files/Pods-PharmacyAdminApp/Pods-PharmacyAdminApp-resources.sh\"\n";
			showEnvVarsInLog = 0;
		};
		FFB7B480C42DAD8B9F116EBD /* [CP] Check Pods Manifest.lock */ = {
			isa = PBXShellScriptBuildPhase;
			buildActionMask = 2147483647;
			files = (
			);
			inputFileListPaths = (
			);
			inputPaths = (
				"${PODS_PODFILE_DIR_PATH}/Podfile.lock",
				"${PODS_ROOT}/Manifest.lock",
			);
			name = "[CP] Check Pods Manifest.lock";
			outputFileListPaths = (
			);
			outputPaths = (
				"$(DERIVED_FILE_DIR)/Pods-PharmacyAdminAppTests-checkManifestLockResult.txt",
			);
			runOnlyForDeploymentPostprocessing = 0;
			shellPath = /bin/sh;
			shellScript = "diff \"${PODS_PODFILE_DIR_PATH}/Podfile.lock\" \"${PODS_ROOT}/Manifest.lock\" > /dev/null\nif [ $? != 0 ] ; then\n    # print error to STDERR\n    echo \"error: The sandbox is not in sync with the Podfile.lock. Run 'pod install' or update your CocoaPods installation.\" >&2\n    exit 1\nfi\n# This output is used by Xcode 'outputs' to avoid re-running this script phase.\necho \"SUCCESS\" > \"${SCRIPT_OUTPUT_FILE_0}\"\n";
			showEnvVarsInLog = 0;
		};
/* End PBXShellScriptBuildPhase section */

/* Begin PBXSourcesBuildPhase section */
		7EFED9AC2B57CD8600FDE1A5 /* Sources */ = {
			isa = PBXSourcesBuildPhase;
			buildActionMask = 2147483647;
			files = (
				829011C62B9AE8B900EA6F7B /* ProductVC.swift in Sources */,
				7EDBEC0F2B5912870015AB68 /* SideMenuConfigurationVC.swift in Sources */,
				82E123682BA4F1EA005A9E13 /* GoogleMapsManager.swift in Sources */,
				7EC1B4EA2B5A3A57003958E2 /* OrderVC.swift in Sources */,
				8287C9722B63CD9E00AB054C /* ApplicationServiceProvider.swift in Sources */,
				7EC1B4F92B5A4107003958E2 /* Enum.swift in Sources */,
				828BF3BA2BB537A000158882 /* ChatImageVC.swift in Sources */,
				7EFED9B82B57CD8600FDE1A5 /* ViewController.swift in Sources */,
				7EC1B4FD2B5A47F1003958E2 /* PastOrderTVCell.swift in Sources */,
				829011CA2B9AF81400EA6F7B /* ProductCategoryTVCell.swift in Sources */,
				8287C97B2B64D11000AB054C /* Handler.swift in Sources */,
				7EC1B4E62B5A3744003958E2 /* ContactVC.swift in Sources */,
				82DB75C52B9EAE2600002567 /* OrderDetailsVC.swift in Sources */,
				7EDBEC122B591A9E0015AB68 /* SideMenuVC.swift in Sources */,
				820D79ED2B6C15710092AE11 /* FirestorePharmacyStore.swift in Sources */,
				7EC1B4F02B5A3FAB003958E2 /* PastOrderVC.swift in Sources */,
				82DB75BC2B9B1B8F00002567 /* DashboardVC.swift in Sources */,
				7EDBEC0B2B590A100015AB68 /* SideMenuController.swift in Sources */,
				8287C9832B64D7ED00AB054C /* AlertManager.swift in Sources */,
				7EDBEC0C2B590A100015AB68 /* SideMenuController+SideOver.swift in Sources */,
				82D9A8EC2BAD921E0016311C /* FirestoreHelper.swift in Sources */,
				82E22F4A2B75410A00041D97 /* ReceiverTVCell.swift in Sources */,
				7EDBEC0A2B590A100015AB68 /* SideMenuController+SideUnder.swift in Sources */,
				826A7AC92B8FA01A00879806 /* ContactVM.swift in Sources */,
				82101FA22BAC33DE00703E08 /* LoginVM.swift in Sources */,
				82D9A8EA2BAD542C0016311C /* OngoingOrderVM.swift in Sources */,
				82E1235C2BA4ED4F005A9E13 /* StoreRegisterVM.swift in Sources */,
				82E1236A2BA4F1ED005A9E13 /* RecentLocation.swift in Sources */,
				82D9A8F82BB28FE30016311C /* CloudStorageHelper.swift in Sources */,
				8287C9812B64D40400AB054C /* FirestoreUser.swift in Sources */,
				82A6CE372BA29DA700E08DF8 /* LoginVC.swift in Sources */,
				7EDBEC072B590A100015AB68 /* TransitionAnimator.swift in Sources */,
				82062F252B722A9B00600E34 /* HomeVC.swift in Sources */,
				829011CC2B9AF82800EA6F7B /* ProductCategoryCVCell.swift in Sources */,
				82DB75C72B9EB0DC00002567 /* OrderDetailsVM.swift in Sources */,
				82E123642BA4F16D005A9E13 /* GeocodeHelper.swift in Sources */,
				82E22F442B7540A300041D97 /* SenderTVCell.swift in Sources */,
				8287C9742B63CF6C00AB054C /* KeychainManager.swift in Sources */,
				82D9A8F12BB285E00016311C /* SenderChatImageTVCell.swift in Sources */,
				7EC1B4EE2B5A3F86003958E2 /* OngoingOrderVC.swift in Sources */,
				7EFED9B42B57CD8600FDE1A5 /* AppDelegate.swift in Sources */,
				820D79EB2B6C15440092AE11 /* Extensions.swift in Sources */,
				8287C9702B63CBCD00AB054C /* LaunchScreenVC.swift in Sources */,
				7EDBEC162B591E1A0015AB68 /* SideMenuVM.swift in Sources */,
				82D9A8F52BB286030016311C /* ReceiverChatImageTVCell.swift in Sources */,
				7EC1B4F52B5A3FFB003958E2 /* SwiftyPageController.swift in Sources */,
				7EDBEC142B591DB00015AB68 /* SideMenuTVCell.swift in Sources */,
				7EFED9B62B57CD8600FDE1A5 /* SceneDelegate.swift in Sources */,
				82DB75BE2B9B1B9800002567 /* DashboardVM.swift in Sources */,
				8287C97D2B64D38500AB054C /* Constants.swift in Sources */,
				820D79E92B6C07670092AE11 /* FirestoreUserManager.swift in Sources */,
				8287C9792B64D0D900AB054C /* LaunchScreenVM.swift in Sources */,
				7EDBEC052B590A100015AB68 /* CenterContainmentSegue.swift in Sources */,
				7EC1B4F62B5A3FFB003958E2 /* SwiftyPageControllerAnimatorDefault.swift in Sources */,
				821A603E2B8E3082007488CA /* SignUpVM.swift in Sources */,
				82E1236E2BA4F25D005A9E13 /* MapUtils.swift in Sources */,
				8260085F2BB585C900F7F0F1 /* AddProductVC.swift in Sources */,
				82E1235A2BA4ECFA005A9E13 /* StoreRegisterVC.swift in Sources */,
				7EDBEBF02B58F8970015AB68 /* RoundedButton.swift in Sources */,
				7EDBEC082B590A100015AB68 /* UIKitExtensions.swift in Sources */,
				821A603C2B8E2FBA007488CA /* SignUpVC.swift in Sources */,
				7EDBEC092B590A100015AB68 /* SideMenuController+CustomTypes.swift in Sources */,
				7EDBEC062B590A100015AB68 /* SideContainmentSegue.swift in Sources */,
				82E1236C2BA4F1EF005A9E13 /* LocationManager.swift in Sources */,
				7EC1B4F72B5A3FFB003958E2 /* SwiftyPageControllerAnimatorParallax.swift in Sources */,
				829011C82B9AEA4200EA6F7B /* ProductVM.swift in Sources */,
				7EC1B4FB2B5A47E0003958E2 /* OngoingOrderTVCell.swift in Sources */,
				82E123622BA4EEC7005A9E13 /* SetLocationOnMapView.swift in Sources */,
			);
			runOnlyForDeploymentPostprocessing = 0;
		};
		7EFED9C22B57CD8800FDE1A5 /* Sources */ = {
			isa = PBXSourcesBuildPhase;
			buildActionMask = 2147483647;
			files = (
				7EFED9CB2B57CD8800FDE1A5 /* PharmacyAdminAppTests.swift in Sources */,
			);
			runOnlyForDeploymentPostprocessing = 0;
		};
		7EFED9CC2B57CD8800FDE1A5 /* Sources */ = {
			isa = PBXSourcesBuildPhase;
			buildActionMask = 2147483647;
			files = (
				7EFED9D52B57CD8800FDE1A5 /* PharmacyAdminAppUITests.swift in Sources */,
				7EFED9D72B57CD8800FDE1A5 /* PharmacyAdminAppUITestsLaunchTests.swift in Sources */,
			);
			runOnlyForDeploymentPostprocessing = 0;
		};
/* End PBXSourcesBuildPhase section */

/* Begin PBXTargetDependency section */
		7EFED9C82B57CD8800FDE1A5 /* PBXTargetDependency */ = {
			isa = PBXTargetDependency;
			target = 7EFED9AF2B57CD8600FDE1A5 /* PharmacyAdminApp */;
			targetProxy = 7EFED9C72B57CD8800FDE1A5 /* PBXContainerItemProxy */;
		};
		7EFED9D22B57CD8800FDE1A5 /* PBXTargetDependency */ = {
			isa = PBXTargetDependency;
			target = 7EFED9AF2B57CD8600FDE1A5 /* PharmacyAdminApp */;
			targetProxy = 7EFED9D12B57CD8800FDE1A5 /* PBXContainerItemProxy */;
		};
/* End PBXTargetDependency section */

/* Begin PBXVariantGroup section */
		7EFED9B92B57CD8600FDE1A5 /* Main.storyboard */ = {
			isa = PBXVariantGroup;
			children = (
				7EFED9BA2B57CD8600FDE1A5 /* Base */,
			);
			name = Main.storyboard;
			sourceTree = "<group>";
		};
		7EFED9BE2B57CD8800FDE1A5 /* LaunchScreen.storyboard */ = {
			isa = PBXVariantGroup;
			children = (
				7EFED9BF2B57CD8800FDE1A5 /* Base */,
			);
			name = LaunchScreen.storyboard;
			sourceTree = "<group>";
		};
/* End PBXVariantGroup section */

/* Begin XCBuildConfiguration section */
		7EFED9D82B57CD8800FDE1A5 /* Debug */ = {
			isa = XCBuildConfiguration;
			buildSettings = {
				ALWAYS_SEARCH_USER_PATHS = NO;
				ASSETCATALOG_COMPILER_GENERATE_SWIFT_ASSET_SYMBOL_EXTENSIONS = YES;
				CLANG_ANALYZER_NONNULL = YES;
				CLANG_ANALYZER_NUMBER_OBJECT_CONVERSION = YES_AGGRESSIVE;
				CLANG_CXX_LANGUAGE_STANDARD = "gnu++20";
				CLANG_ENABLE_MODULES = YES;
				CLANG_ENABLE_OBJC_ARC = YES;
				CLANG_ENABLE_OBJC_WEAK = YES;
				CLANG_WARN_BLOCK_CAPTURE_AUTORELEASING = YES;
				CLANG_WARN_BOOL_CONVERSION = YES;
				CLANG_WARN_COMMA = YES;
				CLANG_WARN_CONSTANT_CONVERSION = YES;
				CLANG_WARN_DEPRECATED_OBJC_IMPLEMENTATIONS = YES;
				CLANG_WARN_DIRECT_OBJC_ISA_USAGE = YES_ERROR;
				CLANG_WARN_DOCUMENTATION_COMMENTS = YES;
				CLANG_WARN_EMPTY_BODY = YES;
				CLANG_WARN_ENUM_CONVERSION = YES;
				CLANG_WARN_INFINITE_RECURSION = YES;
				CLANG_WARN_INT_CONVERSION = YES;
				CLANG_WARN_NON_LITERAL_NULL_CONVERSION = YES;
				CLANG_WARN_OBJC_IMPLICIT_RETAIN_SELF = YES;
				CLANG_WARN_OBJC_LITERAL_CONVERSION = YES;
				CLANG_WARN_OBJC_ROOT_CLASS = YES_ERROR;
				CLANG_WARN_QUOTED_INCLUDE_IN_FRAMEWORK_HEADER = YES;
				CLANG_WARN_RANGE_LOOP_ANALYSIS = YES;
				CLANG_WARN_STRICT_PROTOTYPES = YES;
				CLANG_WARN_SUSPICIOUS_MOVE = YES;
				CLANG_WARN_UNGUARDED_AVAILABILITY = YES_AGGRESSIVE;
				CLANG_WARN_UNREACHABLE_CODE = YES;
				CLANG_WARN__DUPLICATE_METHOD_MATCH = YES;
				COPY_PHASE_STRIP = NO;
				DEBUG_INFORMATION_FORMAT = dwarf;
				ENABLE_STRICT_OBJC_MSGSEND = YES;
				ENABLE_TESTABILITY = YES;
				ENABLE_USER_SCRIPT_SANDBOXING = YES;
				GCC_C_LANGUAGE_STANDARD = gnu17;
				GCC_DYNAMIC_NO_PIC = NO;
				GCC_NO_COMMON_BLOCKS = YES;
				GCC_OPTIMIZATION_LEVEL = 0;
				GCC_PREPROCESSOR_DEFINITIONS = (
					"DEBUG=1",
					"$(inherited)",
				);
				GCC_WARN_64_TO_32_BIT_CONVERSION = YES;
				GCC_WARN_ABOUT_RETURN_TYPE = YES_ERROR;
				GCC_WARN_UNDECLARED_SELECTOR = YES;
				GCC_WARN_UNINITIALIZED_AUTOS = YES_AGGRESSIVE;
				GCC_WARN_UNUSED_FUNCTION = YES;
				GCC_WARN_UNUSED_VARIABLE = YES;
				IPHONEOS_DEPLOYMENT_TARGET = 17.2;
				LOCALIZATION_PREFERS_STRING_CATALOGS = YES;
				MTL_ENABLE_DEBUG_INFO = INCLUDE_SOURCE;
				MTL_FAST_MATH = YES;
				ONLY_ACTIVE_ARCH = YES;
				SDKROOT = iphoneos;
				SWIFT_ACTIVE_COMPILATION_CONDITIONS = "DEBUG $(inherited)";
				SWIFT_OPTIMIZATION_LEVEL = "-Onone";
			};
			name = Debug;
		};
		7EFED9D92B57CD8800FDE1A5 /* Release */ = {
			isa = XCBuildConfiguration;
			buildSettings = {
				ALWAYS_SEARCH_USER_PATHS = NO;
				ASSETCATALOG_COMPILER_GENERATE_SWIFT_ASSET_SYMBOL_EXTENSIONS = YES;
				CLANG_ANALYZER_NONNULL = YES;
				CLANG_ANALYZER_NUMBER_OBJECT_CONVERSION = YES_AGGRESSIVE;
				CLANG_CXX_LANGUAGE_STANDARD = "gnu++20";
				CLANG_ENABLE_MODULES = YES;
				CLANG_ENABLE_OBJC_ARC = YES;
				CLANG_ENABLE_OBJC_WEAK = YES;
				CLANG_WARN_BLOCK_CAPTURE_AUTORELEASING = YES;
				CLANG_WARN_BOOL_CONVERSION = YES;
				CLANG_WARN_COMMA = YES;
				CLANG_WARN_CONSTANT_CONVERSION = YES;
				CLANG_WARN_DEPRECATED_OBJC_IMPLEMENTATIONS = YES;
				CLANG_WARN_DIRECT_OBJC_ISA_USAGE = YES_ERROR;
				CLANG_WARN_DOCUMENTATION_COMMENTS = YES;
				CLANG_WARN_EMPTY_BODY = YES;
				CLANG_WARN_ENUM_CONVERSION = YES;
				CLANG_WARN_INFINITE_RECURSION = YES;
				CLANG_WARN_INT_CONVERSION = YES;
				CLANG_WARN_NON_LITERAL_NULL_CONVERSION = YES;
				CLANG_WARN_OBJC_IMPLICIT_RETAIN_SELF = YES;
				CLANG_WARN_OBJC_LITERAL_CONVERSION = YES;
				CLANG_WARN_OBJC_ROOT_CLASS = YES_ERROR;
				CLANG_WARN_QUOTED_INCLUDE_IN_FRAMEWORK_HEADER = YES;
				CLANG_WARN_RANGE_LOOP_ANALYSIS = YES;
				CLANG_WARN_STRICT_PROTOTYPES = YES;
				CLANG_WARN_SUSPICIOUS_MOVE = YES;
				CLANG_WARN_UNGUARDED_AVAILABILITY = YES_AGGRESSIVE;
				CLANG_WARN_UNREACHABLE_CODE = YES;
				CLANG_WARN__DUPLICATE_METHOD_MATCH = YES;
				COPY_PHASE_STRIP = NO;
				DEBUG_INFORMATION_FORMAT = "dwarf-with-dsym";
				ENABLE_NS_ASSERTIONS = NO;
				ENABLE_STRICT_OBJC_MSGSEND = YES;
				ENABLE_USER_SCRIPT_SANDBOXING = YES;
				GCC_C_LANGUAGE_STANDARD = gnu17;
				GCC_NO_COMMON_BLOCKS = YES;
				GCC_WARN_64_TO_32_BIT_CONVERSION = YES;
				GCC_WARN_ABOUT_RETURN_TYPE = YES_ERROR;
				GCC_WARN_UNDECLARED_SELECTOR = YES;
				GCC_WARN_UNINITIALIZED_AUTOS = YES_AGGRESSIVE;
				GCC_WARN_UNUSED_FUNCTION = YES;
				GCC_WARN_UNUSED_VARIABLE = YES;
				IPHONEOS_DEPLOYMENT_TARGET = 17.2;
				LOCALIZATION_PREFERS_STRING_CATALOGS = YES;
				MTL_ENABLE_DEBUG_INFO = NO;
				MTL_FAST_MATH = YES;
				SDKROOT = iphoneos;
				SWIFT_COMPILATION_MODE = wholemodule;
				VALIDATE_PRODUCT = YES;
			};
			name = Release;
		};
		7EFED9DB2B57CD8800FDE1A5 /* Debug */ = {
			isa = XCBuildConfiguration;
			baseConfigurationReference = 7CD70F1E25A5C4FE206EDA99 /* Pods-PharmacyAdminApp.debug.xcconfig */;
			buildSettings = {
				ASSETCATALOG_COMPILER_APPICON_NAME = AppIcon;
				ASSETCATALOG_COMPILER_GLOBAL_ACCENT_COLOR_NAME = AccentColor;
				CODE_SIGN_STYLE = Automatic;
				CURRENT_PROJECT_VERSION = 1;
				DEBUG_INFORMATION_FORMAT = "dwarf-with-dsym";
				DEVELOPMENT_TEAM = JJ477WM6T9;
				ENABLE_USER_SCRIPT_SANDBOXING = NO;
				"EXCLUDED_ARCHS[sdk=iphonesimulator*]" = arm64;
				GENERATE_INFOPLIST_FILE = YES;
				INFOPLIST_FILE = PharmacyAdminApp/Info.plist;
				INFOPLIST_KEY_UIApplicationSupportsIndirectInputEvents = YES;
				INFOPLIST_KEY_UILaunchStoryboardName = LaunchScreen;
				INFOPLIST_KEY_UIMainStoryboardFile = Main;
				INFOPLIST_KEY_UISupportedInterfaceOrientations_iPad = "UIInterfaceOrientationPortrait UIInterfaceOrientationPortraitUpsideDown UIInterfaceOrientationLandscapeLeft UIInterfaceOrientationLandscapeRight";
				INFOPLIST_KEY_UISupportedInterfaceOrientations_iPhone = "UIInterfaceOrientationPortrait UIInterfaceOrientationLandscapeLeft UIInterfaceOrientationLandscapeRight";
				IPHONEOS_DEPLOYMENT_TARGET = 13.0;
				LD_RUNPATH_SEARCH_PATHS = (
					"$(inherited)",
					"@executable_path/Frameworks",
				);
				MARKETING_VERSION = 1.0;
				PRODUCT_BUNDLE_IDENTIFIER = com.pharmacy.admin.PharmacyAdminApp;
				PRODUCT_NAME = "$(TARGET_NAME)";
				SWIFT_EMIT_LOC_STRINGS = YES;
				SWIFT_VERSION = 5.0;
				TARGETED_DEVICE_FAMILY = "1,2";
			};
			name = Debug;
		};
		7EFED9DC2B57CD8800FDE1A5 /* Release */ = {
			isa = XCBuildConfiguration;
			baseConfigurationReference = D93DE33E4285594158BF6CF0 /* Pods-PharmacyAdminApp.release.xcconfig */;
			buildSettings = {
				ASSETCATALOG_COMPILER_APPICON_NAME = AppIcon;
				ASSETCATALOG_COMPILER_GLOBAL_ACCENT_COLOR_NAME = AccentColor;
				CODE_SIGN_STYLE = Automatic;
				CURRENT_PROJECT_VERSION = 1;
				DEVELOPMENT_TEAM = JJ477WM6T9;
				ENABLE_USER_SCRIPT_SANDBOXING = NO;
				"EXCLUDED_ARCHS[sdk=iphonesimulator*]" = arm64;
				GENERATE_INFOPLIST_FILE = YES;
				INFOPLIST_FILE = PharmacyAdminApp/Info.plist;
				INFOPLIST_KEY_UIApplicationSupportsIndirectInputEvents = YES;
				INFOPLIST_KEY_UILaunchStoryboardName = LaunchScreen;
				INFOPLIST_KEY_UIMainStoryboardFile = Main;
				INFOPLIST_KEY_UISupportedInterfaceOrientations_iPad = "UIInterfaceOrientationPortrait UIInterfaceOrientationPortraitUpsideDown UIInterfaceOrientationLandscapeLeft UIInterfaceOrientationLandscapeRight";
				INFOPLIST_KEY_UISupportedInterfaceOrientations_iPhone = "UIInterfaceOrientationPortrait UIInterfaceOrientationLandscapeLeft UIInterfaceOrientationLandscapeRight";
				IPHONEOS_DEPLOYMENT_TARGET = 13.0;
				LD_RUNPATH_SEARCH_PATHS = (
					"$(inherited)",
					"@executable_path/Frameworks",
				);
				MARKETING_VERSION = 1.0;
				PRODUCT_BUNDLE_IDENTIFIER = com.pharmacy.admin.PharmacyAdminApp;
				PRODUCT_NAME = "$(TARGET_NAME)";
				SWIFT_EMIT_LOC_STRINGS = YES;
				SWIFT_VERSION = 5.0;
				TARGETED_DEVICE_FAMILY = "1,2";
			};
			name = Release;
		};
		7EFED9DE2B57CD8800FDE1A5 /* Debug */ = {
			isa = XCBuildConfiguration;
			baseConfigurationReference = FE5B318CE5B2BF28F7F76D38 /* Pods-PharmacyAdminAppTests.debug.xcconfig */;
			buildSettings = {
				ALWAYS_EMBED_SWIFT_STANDARD_LIBRARIES = YES;
				BUNDLE_LOADER = "$(TEST_HOST)";
				CODE_SIGN_STYLE = Automatic;
				CURRENT_PROJECT_VERSION = 1;
				DEVELOPMENT_TEAM = JJ477WM6T9;
				GENERATE_INFOPLIST_FILE = YES;
				IPHONEOS_DEPLOYMENT_TARGET = 17.2;
				MARKETING_VERSION = 1.0;
				PRODUCT_BUNDLE_IDENTIFIER = com.pharmacy.admin.PharmacyAdminAppTests;
				PRODUCT_NAME = "$(TARGET_NAME)";
				SWIFT_EMIT_LOC_STRINGS = NO;
				SWIFT_VERSION = 5.0;
				TARGETED_DEVICE_FAMILY = "1,2";
				TEST_HOST = "$(BUILT_PRODUCTS_DIR)/PharmacyAdminApp.app/$(BUNDLE_EXECUTABLE_FOLDER_PATH)/PharmacyAdminApp";
			};
			name = Debug;
		};
		7EFED9DF2B57CD8800FDE1A5 /* Release */ = {
			isa = XCBuildConfiguration;
			baseConfigurationReference = 66E37190FADF54C1A2853F02 /* Pods-PharmacyAdminAppTests.release.xcconfig */;
			buildSettings = {
				ALWAYS_EMBED_SWIFT_STANDARD_LIBRARIES = YES;
				BUNDLE_LOADER = "$(TEST_HOST)";
				CODE_SIGN_STYLE = Automatic;
				CURRENT_PROJECT_VERSION = 1;
				DEVELOPMENT_TEAM = JJ477WM6T9;
				GENERATE_INFOPLIST_FILE = YES;
				IPHONEOS_DEPLOYMENT_TARGET = 17.2;
				MARKETING_VERSION = 1.0;
				PRODUCT_BUNDLE_IDENTIFIER = com.pharmacy.admin.PharmacyAdminAppTests;
				PRODUCT_NAME = "$(TARGET_NAME)";
				SWIFT_EMIT_LOC_STRINGS = NO;
				SWIFT_VERSION = 5.0;
				TARGETED_DEVICE_FAMILY = "1,2";
				TEST_HOST = "$(BUILT_PRODUCTS_DIR)/PharmacyAdminApp.app/$(BUNDLE_EXECUTABLE_FOLDER_PATH)/PharmacyAdminApp";
			};
			name = Release;
		};
		7EFED9E12B57CD8800FDE1A5 /* Debug */ = {
			isa = XCBuildConfiguration;
			baseConfigurationReference = F670BCA33E1A9CAC1E3B50DD /* Pods-PharmacyAdminApp-PharmacyAdminAppUITests.debug.xcconfig */;
			buildSettings = {
				ALWAYS_EMBED_SWIFT_STANDARD_LIBRARIES = YES;
				CODE_SIGN_STYLE = Automatic;
				CURRENT_PROJECT_VERSION = 1;
				DEVELOPMENT_TEAM = JJ477WM6T9;
				GENERATE_INFOPLIST_FILE = YES;
				MARKETING_VERSION = 1.0;
				PRODUCT_BUNDLE_IDENTIFIER = com.pharmacy.admin.PharmacyAdminAppUITests;
				PRODUCT_NAME = "$(TARGET_NAME)";
				SWIFT_EMIT_LOC_STRINGS = NO;
				SWIFT_VERSION = 5.0;
				TARGETED_DEVICE_FAMILY = "1,2";
				TEST_TARGET_NAME = PharmacyAdminApp;
			};
			name = Debug;
		};
		7EFED9E22B57CD8800FDE1A5 /* Release */ = {
			isa = XCBuildConfiguration;
			baseConfigurationReference = 8AC7D97CD2F3DBBCF5EA0ABF /* Pods-PharmacyAdminApp-PharmacyAdminAppUITests.release.xcconfig */;
			buildSettings = {
				ALWAYS_EMBED_SWIFT_STANDARD_LIBRARIES = YES;
				CODE_SIGN_STYLE = Automatic;
				CURRENT_PROJECT_VERSION = 1;
				DEVELOPMENT_TEAM = JJ477WM6T9;
				GENERATE_INFOPLIST_FILE = YES;
				MARKETING_VERSION = 1.0;
				PRODUCT_BUNDLE_IDENTIFIER = com.pharmacy.admin.PharmacyAdminAppUITests;
				PRODUCT_NAME = "$(TARGET_NAME)";
				SWIFT_EMIT_LOC_STRINGS = NO;
				SWIFT_VERSION = 5.0;
				TARGETED_DEVICE_FAMILY = "1,2";
				TEST_TARGET_NAME = PharmacyAdminApp;
			};
			name = Release;
		};
/* End XCBuildConfiguration section */

/* Begin XCConfigurationList section */
		7EFED9AB2B57CD8600FDE1A5 /* Build configuration list for PBXProject "PharmacyAdminApp" */ = {
			isa = XCConfigurationList;
			buildConfigurations = (
				7EFED9D82B57CD8800FDE1A5 /* Debug */,
				7EFED9D92B57CD8800FDE1A5 /* Release */,
			);
			defaultConfigurationIsVisible = 0;
			defaultConfigurationName = Release;
		};
		7EFED9DA2B57CD8800FDE1A5 /* Build configuration list for PBXNativeTarget "PharmacyAdminApp" */ = {
			isa = XCConfigurationList;
			buildConfigurations = (
				7EFED9DB2B57CD8800FDE1A5 /* Debug */,
				7EFED9DC2B57CD8800FDE1A5 /* Release */,
			);
			defaultConfigurationIsVisible = 0;
			defaultConfigurationName = Release;
		};
		7EFED9DD2B57CD8800FDE1A5 /* Build configuration list for PBXNativeTarget "PharmacyAdminAppTests" */ = {
			isa = XCConfigurationList;
			buildConfigurations = (
				7EFED9DE2B57CD8800FDE1A5 /* Debug */,
				7EFED9DF2B57CD8800FDE1A5 /* Release */,
			);
			defaultConfigurationIsVisible = 0;
			defaultConfigurationName = Release;
		};
		7EFED9E02B57CD8800FDE1A5 /* Build configuration list for PBXNativeTarget "PharmacyAdminAppUITests" */ = {
			isa = XCConfigurationList;
			buildConfigurations = (
				7EFED9E12B57CD8800FDE1A5 /* Debug */,
				7EFED9E22B57CD8800FDE1A5 /* Release */,
			);
			defaultConfigurationIsVisible = 0;
			defaultConfigurationName = Release;
		};
/* End XCConfigurationList section */
	};
	rootObject = 7EFED9A82B57CD8600FDE1A5 /* Project object */;
}
